{
  "version": 4,
  "terraform_version": "1.12.2",
  "serial": 14,
  "lineage": "7717ea3a-a58a-6f30-19c4-5611598ffdb0",
  "outputs": {},
  "resources": [
    {
      "mode": "data",
      "type": "aws_eks_cluster",
      "name": "cluster",
      "provider": "provider[\"registry.terraform.io/hashicorp/aws\"]",
      "instances": [
        {
          "schema_version": 0,
          "attributes": {
            "access_config": [
              {
                "authentication_mode": "API",
                "bootstrap_cluster_creator_admin_permissions": true
              }
            ],
            "arn": "arn:aws:eks:us-east-1:955655757785:cluster/eks-tech-challenge-fiap",
            "certificate_authority": [
              {
                "data": "LS0tLS1CRUdJTiBDRVJUSUZJQ0FURS0tLS0tCk1JSURCVENDQWUyZ0F3SUJBZ0lJWnJ2YjZFOEp2Qm93RFFZSktvWklodmNOQVFFTEJRQXdGVEVUTUJFR0ExVUUKQXhNS2EzVmlaWEp1WlhSbGN6QWVGdzB5TlRBNU1EUXlNVEV5TURCYUZ3MHpOVEE1TURJeU1URTNNREJhTUJVeApFekFSQmdOVkJBTVRDbXQxWW1WeWJtVjBaWE13Z2dFaU1BMEdDU3FHU0liM0RRRUJBUVVBQTRJQkR3QXdnZ0VLCkFvSUJBUUN0L1Q1T1hBUjkzOUJzYTBnKzhuWElrUUNPWm1IbEhCYm9yLzVGcEdjdElSOXNoTm1qSW9lOUJXcWIKcHplWCttSGFOOGxmNEtFaVJFQ2VwSUVxQmdGU2RESVpmNnEzbXYzSWltL3dXcTlhYzl4OEdJa1BUbEp2dG5rNwpjeW5taVZTaXhESjRPNjVLd3FqcFQwazIwbnhCVU13SHRoNzVuS0U5TzJVRmd3aWMxQ2hyNWZWcXpNdXY3T3JJCmtKR1JtMGdjcjUvSDlJZmp5SGJ3b3NkUlNiUEJOQ0pjWHJSL1Btb1paV2tlbmhVSXZ1bmRWLzRwK0NDb0xRSDAKNUoybHV4OSt0dGhkWnMzYlRIbTFKby9zNU1yWVlHdTljVjgySjZTQWdVRnNSanB2NXJ4bkJ0R0U5UGNlSWtRUApOVW9uRWU2UkdRWjBLUWVKWFc3amZoS1FUMnZyQWdNQkFBR2pXVEJYTUE0R0ExVWREd0VCL3dRRUF3SUNwREFQCkJnTlZIUk1CQWY4RUJUQURBUUgvTUIwR0ExVWREZ1FXQkJTNGZTS0dqcTdIU3hqbFpmZGtFTC9NWHFYUDBqQVYKQmdOVkhSRUVEakFNZ2dwcmRXSmxjbTVsZEdWek1BMEdDU3FHU0liM0RRRUJDd1VBQTRJQkFRQWxCSzdoOUZheQpralRZSHhPS002SUdNRjNoem5wOVF3OU1IMlNDem5YZjhzOWZpUEJ1YVU3OFdIYmhIZ1ErczdRcDM4dTIvdHREClNPOXRGYlVWc3h5b2daRmo3WWp3WnZWMkFuSkVZVmRBMmdBUjFsb1dvQTZtZ0d1Zm5yVitFak1yKy9QS1pEdjYKUExxdEQ5U0xoemlQRXo4dGdiV0tEQWhjaEpSRG1BeTRNMW5kSEk5RzF0a0tmN1lSbkFXQ2lpWk5BYmc5S0VGZwpIcGxvN0FBT3JTbnFZTC9oQm91VEduL3g2azFHZHc0WnpkZWhERmZuTU5VTitsLzhwS1RZb1RmLytKcFJHaHZDClJTMXRXV0FXTWpOOGwvd0pHNkw4Unl3SDczYVExb3ZQOGEvZ0JFNUVETGdoMzNDdXB0TVFWWFc5UG5iUnBrRzUKbHFYZkVmelJLYW55Ci0tLS0tRU5EIENFUlRJRklDQVRFLS0tLS0K"
              }
            ],
            "cluster_id": null,
            "compute_config": [],
            "created_at": "2025-09-04T21:11:44Z",
            "deletion_protection": false,
            "enabled_cluster_log_types": [],
            "endpoint": "https://21DDE4534191B52A41FB8367EB4D74C3.gr7.us-east-1.eks.amazonaws.com",
            "id": "eks-tech-challenge-fiap",
            "identity": [
              {
                "oidc": [
                  {
                    "issuer": "https://oidc.eks.us-east-1.amazonaws.com/id/21DDE4534191B52A41FB8367EB4D74C3"
                  }
                ]
              }
            ],
            "kubernetes_network_config": [
              {
                "elastic_load_balancing": [
                  {
                    "enabled": false
                  }
                ],
                "ip_family": "ipv4",
                "service_ipv4_cidr": "10.100.0.0/16",
                "service_ipv6_cidr": ""
              }
            ],
            "name": "eks-tech-challenge-fiap",
            "outpost_config": [],
            "platform_version": "eks.34",
            "region": "us-east-1",
            "remote_network_config": [],
            "role_arn": "arn:aws:iam::955655757785:role/c173096a4485959l11231379t1w955655-LabEksClusterRole-s7bEslNxcDPl",
            "status": "ACTIVE",
            "storage_config": [],
            "tags": {},
            "upgrade_policy": [
              {
                "support_type": "EXTENDED"
              }
            ],
            "version": "1.31",
            "vpc_config": [
              {
                "cluster_security_group_id": "sg-03be261ca0c8dd376",
                "endpoint_private_access": false,
                "endpoint_public_access": true,
                "public_access_cidrs": [
                  "0.0.0.0/0"
                ],
                "security_group_ids": [],
                "subnet_ids": [
                  "subnet-050c143924d712646",
                  "subnet-079b49b3e82add6cf",
                  "subnet-09fb84317794bbd19"
                ],
                "vpc_id": "vpc-012880594bf05ae4b"
              }
            ],
            "zonal_shift_config": []
          },
          "sensitive_attributes": [],
          "identity_schema_version": 0
        }
      ]
    },
    {
      "mode": "data",
      "type": "aws_eks_cluster_auth",
      "name": "auth",
      "provider": "provider[\"registry.terraform.io/hashicorp/aws\"]",
      "instances": [
        {
          "schema_version": 0,
          "attributes": {
            "id": "eks-tech-challenge-fiap",
            "name": "eks-tech-challenge-fiap",
            "region": "us-east-1",
            "token": "k8s-aws-v1.aHR0cHM6Ly9zdHMudXMtZWFzdC0xLmFtYXpvbmF3cy5jb20vP0FjdGlvbj1HZXRDYWxsZXJJZGVudGl0eSZWZXJzaW9uPTIwMTEtMDYtMTUmWC1BbXotQWxnb3JpdGhtPUFXUzQtSE1BQy1TSEEyNTYmWC1BbXotQ3JlZGVudGlhbD1BU0lBNTVBTUZUN00zNURKRTRSNiUyRjIwMjUwOTA0JTJGdXMtZWFzdC0xJTJGc3RzJTJGYXdzNF9yZXF1ZXN0JlgtQW16LURhdGU9MjAyNTA5MDRUMjExOTI5WiZYLUFtei1FeHBpcmVzPTAmWC1BbXotU2VjdXJpdHktVG9rZW49SVFvSmIzSnBaMmx1WDJWakVQMyUyRiUyRiUyRiUyRiUyRiUyRiUyRiUyRiUyRiUyRndFYUNYVnpMWGRsYzNRdE1pSklNRVlDSVFEUXpUREx4dWRQTWpRVmxkaW1LY216ZzQxNFVNZkFNJTJGU0kwY29PbjlaMm1BSWhBTTB1YUZEN1lHeTRydFpYMDd2eXFhajhmYWtBNFg4R1BWdHZkdkZra1BQektxZ0NDR1lRQUJvTU9UVTFOalUxTnpVM056ZzFJZ3pQMDZFYzczTGRQSFc0RUlJcWhRTHFKTHpkR0VKZEtleFdrSGpDQTZzRDUzTlN0WjJ1M3owTGxKMlpVVWZlNkROdVluUSUyRk5BbjcydWVwS05mUGU4UHVyaEVham9OWmc2dFdDaUpSRTdPJTJGOUxpNzdzS0VkZmU3M2owUk9jbEpvNlVSVzlyeFlaRmhBcW5YQjBZcWhVdjd4ZHhGWGduZjBQMzJHMkttbmpXS1hqeTY0dzljdUU2bFNLMTZBOUFJa2l3UnMlMkY0cGpvbmlYU2l2Z2dHQ1dhTEpBZTdlSVJ4S0xzS1I3Q0lXNlZiNyUyRnJzUWlTd29aWVpZUjVudGlmZDllcFJZckVIWnlGd0VXUUhyVUwlMkJQVVUxbWxiak1xSWtaZEtsNHpJNWI2WmdONXpvcDUlMkYlMkJwcXlWRWpONEVYRDZUTkZJN2Y1c0I5ZEElMkZ0b2FNczlJUkZsUm9EVXhjciUyQkdEaWJmZk1QdUlrazVIY05aYU9GSXd5ZiUyRm54UVk2bkFGMSUyQnh0WG9ha1pUMFdLeGNzJTJCZlYzOENBJTJGJTJGaEFJWDE3SDFHSmJ0U2N5dnFDVXlScEMlMkJkYkRJdWxYSW9vU0hBSHpIZDJqSzJ4QmdOdnNoMlFzJTJGTDBCME1Fa3M0N3lyNWxWZHplc2dla2tIdkxXTSUyQnpNc091RXdBWkpEV3o2bTBYaGZLZEt1TSUyQlY0JTJGMVc5UkRxbEgwcVlzcXB4R0w5SVowJTJGa202SHFBZjB0eDA3U3pnT0JMcmVEeG5rVUs3dHJ6YkpMWEZFdGIlMkJMdlkyQXA0SXMlM0QmWC1BbXotU2lnbmVkSGVhZGVycz1ob3N0JTNCeC1rOHMtYXdzLWlkJlgtQW16LVNpZ25hdHVyZT00ZmFjMzgyNDAyYWJmMzFmYWZhMmNmZWZjODE4Yzg0Y2JiNGQ5MGVlNmRiZDNiNjliYWU2MjViMjg2ZDIzMjk0"
          },
          "sensitive_attributes": [
            [
              {
                "type": "get_attr",
                "value": "token"
              }
            ]
          ],
          "identity_schema_version": 0
        }
      ]
    },
    {
      "mode": "managed",
      "type": "aws_eks_access_entry",
      "name": "access_entry",
      "provider": "provider[\"registry.terraform.io/hashicorp/aws\"]",
      "instances": [
        {
          "schema_version": 0,
          "attributes": {
            "access_entry_arn": "arn:aws:eks:us-east-1:955655757785:access-entry/eks-tech-challenge-fiap/role/955655757785/voclabs/e2cc8b4c-a683-f2ab-cc0d-934447165a35",
            "cluster_name": "eks-tech-challenge-fiap",
            "created_at": "2025-09-04T21:19:29Z",
            "id": "eks-tech-challenge-fiap:arn:aws:iam::955655757785:role/voclabs",
            "kubernetes_groups": [
              "grupo-1"
            ],
            "modified_at": "2025-09-04T21:19:29Z",
            "principal_arn": "arn:aws:iam::955655757785:role/voclabs",
            "region": "us-east-1",
            "tags": null,
            "tags_all": {},
            "timeouts": null,
            "type": "STANDARD",
            "user_name": "arn:aws:sts::955655757785:assumed-role/voclabs/{{SessionName}}"
          },
          "sensitive_attributes": [],
          "identity_schema_version": 0,
          "private": "eyJlMmJmYjczMC1lY2FhLTExZTYtOGY4OC0zNDM2M2JjN2M0YzAiOnsiY3JlYXRlIjo2MDAwMDAwMDAwMDAsImRlbGV0ZSI6NjAwMDAwMDAwMDAwfX0=",
          "dependencies": [
            "aws_eks_cluster.cluster"
          ]
        }
      ]
    },
    {
      "mode": "managed",
      "type": "aws_eks_access_policy_association",
      "name": "access_entry_association",
      "provider": "provider[\"registry.terraform.io/hashicorp/aws\"]",
      "instances": [
        {
          "schema_version": 0,
          "attributes": {
            "access_scope": [
              {
                "namespaces": null,
                "type": "cluster"
              }
            ],
            "associated_at": "2025-09-04 21:19:29.797 +0000 UTC",
            "cluster_name": "eks-tech-challenge-fiap",
            "id": "eks-tech-challenge-fiap#arn:aws:iam::955655757785:role/voclabs#arn:aws:eks::aws:cluster-access-policy/AmazonEKSClusterAdminPolicy",
            "modified_at": "2025-09-04 21:19:29.797 +0000 UTC",
            "policy_arn": "arn:aws:eks::aws:cluster-access-policy/AmazonEKSClusterAdminPolicy",
            "principal_arn": "arn:aws:iam::955655757785:role/voclabs",
            "region": "us-east-1",
            "timeouts": null
          },
          "sensitive_attributes": [],
          "identity_schema_version": 0,
          "private": "eyJlMmJmYjczMC1lY2FhLTExZTYtOGY4OC0zNDM2M2JjN2M0YzAiOnsiY3JlYXRlIjo2MDAwMDAwMDAwMDAsImRlbGV0ZSI6NjAwMDAwMDAwMDAwfX0=",
          "dependencies": [
            "aws_eks_cluster.cluster"
          ]
        }
      ]
    },
    {
      "mode": "managed",
      "type": "aws_eks_cluster",
      "name": "cluster",
      "provider": "provider[\"registry.terraform.io/hashicorp/aws\"]",
      "instances": [
        {
          "schema_version": 1,
          "attributes": {
            "access_config": [
              {
                "authentication_mode": "API",
                "bootstrap_cluster_creator_admin_permissions": false
              }
            ],
            "arn": "arn:aws:eks:us-east-1:955655757785:cluster/eks-tech-challenge-fiap",
            "bootstrap_self_managed_addons": true,
            "certificate_authority": [
              {
                "data": "LS0tLS1CRUdJTiBDRVJUSUZJQ0FURS0tLS0tCk1JSURCVENDQWUyZ0F3SUJBZ0lJWnJ2YjZFOEp2Qm93RFFZSktvWklodmNOQVFFTEJRQXdGVEVUTUJFR0ExVUUKQXhNS2EzVmlaWEp1WlhSbGN6QWVGdzB5TlRBNU1EUXlNVEV5TURCYUZ3MHpOVEE1TURJeU1URTNNREJhTUJVeApFekFSQmdOVkJBTVRDbXQxWW1WeWJtVjBaWE13Z2dFaU1BMEdDU3FHU0liM0RRRUJBUVVBQTRJQkR3QXdnZ0VLCkFvSUJBUUN0L1Q1T1hBUjkzOUJzYTBnKzhuWElrUUNPWm1IbEhCYm9yLzVGcEdjdElSOXNoTm1qSW9lOUJXcWIKcHplWCttSGFOOGxmNEtFaVJFQ2VwSUVxQmdGU2RESVpmNnEzbXYzSWltL3dXcTlhYzl4OEdJa1BUbEp2dG5rNwpjeW5taVZTaXhESjRPNjVLd3FqcFQwazIwbnhCVU13SHRoNzVuS0U5TzJVRmd3aWMxQ2hyNWZWcXpNdXY3T3JJCmtKR1JtMGdjcjUvSDlJZmp5SGJ3b3NkUlNiUEJOQ0pjWHJSL1Btb1paV2tlbmhVSXZ1bmRWLzRwK0NDb0xRSDAKNUoybHV4OSt0dGhkWnMzYlRIbTFKby9zNU1yWVlHdTljVjgySjZTQWdVRnNSanB2NXJ4bkJ0R0U5UGNlSWtRUApOVW9uRWU2UkdRWjBLUWVKWFc3amZoS1FUMnZyQWdNQkFBR2pXVEJYTUE0R0ExVWREd0VCL3dRRUF3SUNwREFQCkJnTlZIUk1CQWY4RUJUQURBUUgvTUIwR0ExVWREZ1FXQkJTNGZTS0dqcTdIU3hqbFpmZGtFTC9NWHFYUDBqQVYKQmdOVkhSRUVEakFNZ2dwcmRXSmxjbTVsZEdWek1BMEdDU3FHU0liM0RRRUJDd1VBQTRJQkFRQWxCSzdoOUZheQpralRZSHhPS002SUdNRjNoem5wOVF3OU1IMlNDem5YZjhzOWZpUEJ1YVU3OFdIYmhIZ1ErczdRcDM4dTIvdHREClNPOXRGYlVWc3h5b2daRmo3WWp3WnZWMkFuSkVZVmRBMmdBUjFsb1dvQTZtZ0d1Zm5yVitFak1yKy9QS1pEdjYKUExxdEQ5U0xoemlQRXo4dGdiV0tEQWhjaEpSRG1BeTRNMW5kSEk5RzF0a0tmN1lSbkFXQ2lpWk5BYmc5S0VGZwpIcGxvN0FBT3JTbnFZTC9oQm91VEduL3g2azFHZHc0WnpkZWhERmZuTU5VTitsLzhwS1RZb1RmLytKcFJHaHZDClJTMXRXV0FXTWpOOGwvd0pHNkw4Unl3SDczYVExb3ZQOGEvZ0JFNUVETGdoMzNDdXB0TVFWWFc5UG5iUnBrRzUKbHFYZkVmelJLYW55Ci0tLS0tRU5EIENFUlRJRklDQVRFLS0tLS0K"
              }
            ],
            "cluster_id": null,
            "compute_config": [],
            "created_at": "2025-09-04T21:11:44Z",
            "deletion_protection": false,
            "enabled_cluster_log_types": null,
            "encryption_config": [],
            "endpoint": "https://21DDE4534191B52A41FB8367EB4D74C3.gr7.us-east-1.eks.amazonaws.com",
            "force_update_version": null,
            "id": "eks-tech-challenge-fiap",
            "identity": [
              {
                "oidc": [
                  {
                    "issuer": "https://oidc.eks.us-east-1.amazonaws.com/id/21DDE4534191B52A41FB8367EB4D74C3"
                  }
                ]
              }
            ],
            "kubernetes_network_config": [
              {
                "elastic_load_balancing": [
                  {
                    "enabled": false
                  }
                ],
                "ip_family": "ipv4",
                "service_ipv4_cidr": "10.100.0.0/16",
                "service_ipv6_cidr": ""
              }
            ],
            "name": "eks-tech-challenge-fiap",
            "outpost_config": [],
            "platform_version": "eks.34",
            "region": "us-east-1",
            "remote_network_config": [],
            "role_arn": "arn:aws:iam::955655757785:role/c173096a4485959l11231379t1w955655-LabEksClusterRole-s7bEslNxcDPl",
            "status": "ACTIVE",
            "storage_config": [],
            "tags": null,
            "tags_all": {},
            "timeouts": null,
            "upgrade_policy": [
              {
                "support_type": "EXTENDED"
              }
            ],
            "version": "1.31",
            "vpc_config": [
              {
                "cluster_security_group_id": "sg-03be261ca0c8dd376",
                "endpoint_private_access": false,
                "endpoint_public_access": true,
                "public_access_cidrs": [
                  "0.0.0.0/0"
                ],
                "security_group_ids": null,
                "subnet_ids": [
                  "subnet-050c143924d712646",
                  "subnet-079b49b3e82add6cf",
                  "subnet-09fb84317794bbd19"
                ],
                "vpc_id": "vpc-012880594bf05ae4b"
              }
            ],
            "zonal_shift_config": []
          },
          "sensitive_attributes": [],
          "identity_schema_version": 0,
          "private": "eyJlMmJmYjczMC1lY2FhLTExZTYtOGY4OC0zNDM2M2JjN2M0YzAiOnsiY3JlYXRlIjoxODAwMDAwMDAwMDAwLCJkZWxldGUiOjkwMDAwMDAwMDAwMCwidXBkYXRlIjozNjAwMDAwMDAwMDAwfSwic2NoZW1hX3ZlcnNpb24iOiIxIn0="
        }
      ]
    },
    {
      "mode": "managed",
      "type": "aws_eks_node_group",
      "name": "node_group",
      "provider": "provider[\"registry.terraform.io/hashicorp/aws\"]",
      "instances": [
        {
          "schema_version": 0,
          "attributes": {
            "ami_type": "AL2023_x86_64_STANDARD",
            "arn": "arn:aws:eks:us-east-1:955655757785:nodegroup/eks-tech-challenge-fiap/nodeg-tech-challenge-fiap/70cc8b4c-a65f-6504-6267-dc345d4f93fd",
            "capacity_type": "ON_DEMAND",
            "cluster_name": "eks-tech-challenge-fiap",
            "disk_size": 50,
            "force_update_version": null,
            "id": "eks-tech-challenge-fiap:nodeg-tech-challenge-fiap",
            "instance_types": [
              "t3.medium"
            ],
            "labels": null,
            "launch_template": [],
            "node_group_name": "nodeg-tech-challenge-fiap",
            "node_group_name_prefix": "",
            "node_repair_config": [],
            "node_role_arn": "arn:aws:iam::955655757785:role/c173096a4485959l11231379t1w955655757-LabEksNodeRole-SyQ89186O4Mt",
            "region": "us-east-1",
            "release_version": "1.31.11-20250829",
            "remote_access": [],
            "resources": [
              {
                "autoscaling_groups": [
                  {
                    "name": "eks-nodeg-tech-challenge-fiap-70cc8b4c-a65f-6504-6267-dc345d4f93fd"
                  }
                ],
                "remote_access_security_group_id": ""
              }
            ],
            "scaling_config": [
              {
                "desired_size": 2,
                "max_size": 5,
                "min_size": 2
              }
            ],
            "status": "ACTIVE",
            "subnet_ids": [
              "subnet-050c143924d712646",
              "subnet-079b49b3e82add6cf",
              "subnet-09fb84317794bbd19"
            ],
            "tags": null,
            "tags_all": {},
            "taint": [],
            "timeouts": null,
            "update_config": [
              {
                "max_unavailable": 1,
                "max_unavailable_percentage": 0
              }
            ],
            "version": "1.31"
          },
          "sensitive_attributes": [],
          "identity_schema_version": 0,
          "private": "eyJlMmJmYjczMC1lY2FhLTExZTYtOGY4OC0zNDM2M2JjN2M0YzAiOnsiY3JlYXRlIjozNjAwMDAwMDAwMDAwLCJkZWxldGUiOjM2MDAwMDAwMDAwMDAsInVwZGF0ZSI6MzYwMDAwMDAwMDAwMH19",
          "dependencies": [
            "aws_eks_cluster.cluster"
          ]
        }
      ]
    },
    {
      "mode": "managed",
      "type": "kubectl_manifest",
      "name": "configmap",
      "provider": "provider[\"registry.terraform.io/gavinbunney/kubectl\"]",
      "instances": [
        {
          "schema_version": 1,
          "attributes": {
            "api_version": "v1",
            "apply_only": false,
            "force_conflicts": false,
            "force_new": false,
            "id": "/api/v1/namespaces/default/configmaps/app-config",
            "ignore_fields": null,
            "kind": "ConfigMap",
            "live_manifest_incluster": "de1f92ae8998982ee1125b051bdff16b896fef31356a854ca00c409ea61c3ef1",
            "live_uid": "1ddf5401-8562-470e-a8de-7ddd2a6e5f57",
            "name": "app-config",
            "namespace": null,
            "override_namespace": null,
            "sensitive_fields": null,
            "server_side_apply": false,
            "timeouts": null,
            "uid": "1ddf5401-8562-470e-a8de-7ddd2a6e5f57",
            "validate_schema": true,
            "wait": null,
            "wait_for_rollout": true,
            "yaml_body": "apiVersion: v1\nkind: ConfigMap\nmetadata:\n  name: app-config\ndata:\n  SPRING_DATA_MONGODB_HOST: mongodb\n  SPRING_DATA_MONGODB_PORT: \"27017\"\n  SPRING_DATA_MONGODB_DATABASE: tech-chall\n",
            "yaml_body_parsed": "apiVersion: v1\ndata:\n  SPRING_DATA_MONGODB_DATABASE: tech-chall\n  SPRING_DATA_MONGODB_HOST: mongodb\n  SPRING_DATA_MONGODB_PORT: \"27017\"\nkind: ConfigMap\nmetadata:\n  name: app-config\n",
            "yaml_incluster": "de1f92ae8998982ee1125b051bdff16b896fef31356a854ca00c409ea61c3ef1"
          },
          "sensitive_attributes": [
            [
              {
                "type": "get_attr",
                "value": "live_manifest_incluster"
              }
            ],
            [
              {
                "type": "get_attr",
                "value": "yaml_body"
              }
            ],
            [
              {
                "type": "get_attr",
                "value": "yaml_incluster"
              }
            ]
          ],
          "identity_schema_version": 0,
          "private": "eyJlMmJmYjczMC1lY2FhLTExZTYtOGY4OC0zNDM2M2JjN2M0YzAiOnsiY3JlYXRlIjo2MDAwMDAwMDAwMDB9LCJzY2hlbWFfdmVyc2lvbiI6IjEifQ==",
          "dependencies": [
            "aws_eks_cluster.cluster",
            "aws_eks_node_group.node_group",
            "data.aws_eks_cluster.cluster",
            "data.aws_eks_cluster_auth.auth"
          ]
        }
      ]
    },
    {
      "mode": "managed",
      "type": "kubectl_manifest",
      "name": "deploy",
      "provider": "provider[\"registry.terraform.io/gavinbunney/kubectl\"]",
      "instances": [
        {
          "schema_version": 1,
          "attributes": {
            "api_version": "apps/v1",
            "apply_only": false,
            "force_conflicts": false,
            "force_new": false,
            "id": "/apis/apps/v1/namespaces/default/deployments/tech-chall-app",
            "ignore_fields": null,
            "kind": "Deployment",
            "live_manifest_incluster": "0f8b4146778304cd447732403506db71ac2bdf09d8510d2b32dcd67b5bed39d3",
            "live_uid": "96bc036d-3e88-44b1-9da8-83f5a750524f",
            "name": "tech-chall-app",
            "namespace": null,
            "override_namespace": null,
            "sensitive_fields": null,
            "server_side_apply": false,
            "timeouts": null,
            "uid": "96bc036d-3e88-44b1-9da8-83f5a750524f",
            "validate_schema": true,
            "wait": null,
            "wait_for_rollout": true,
            "yaml_body": "apiVersion: apps/v1\nkind: Deployment\nmetadata:\n  name: tech-chall-app\nspec:\n  replicas: 1\n  selector:\n    matchLabels:\n      app: tech-chall-app\n  template:\n    metadata:\n      labels:\n        app: tech-chall-app\n    spec:\n      containers:\n        - name: tech-chall-container\n          image: gabitriferreira/tech-challenge-app:latest\n          imagePullPolicy: Always\n          ports:\n            - containerPort: 8080\n          env:\n            - name: SPRING_DATA_MONGODB_HOST\n              valueFrom:\n                configMapKeyRef:\n                  name: app-config\n                  key: SPRING_DATA_MONGODB_HOST\n            - name: SPRING_DATA_MONGODB_PORT\n              valueFrom:\n                configMapKeyRef:\n                  name: app-config\n                  key: SPRING_DATA_MONGODB_PORT\n            - name: SPRING_DATA_MONGODB_DATABASE\n              valueFrom:\n                configMapKeyRef:\n                  name: app-config\n                  key: SPRING_DATA_MONGODB_DATABASE\n            - name: SPRING_DATA_MONGODB_USERNAME\n              valueFrom:\n                secretKeyRef:\n                  name: app-secrets\n                  key: SPRING_DATA_MONGODB_USERNAME\n            - name: SPRING_DATA_MONGODB_PASSWORD\n              valueFrom:\n                secretKeyRef:\n                  name: app-secrets\n                  key: SPRING_DATA_MONGODB_PASSWORD\n          resources:\n            requests:\n              cpu: \"500m\"\n              memory: \"512Mi\"\n            limits:\n              cpu: \"1\"\n              memory: \"1Gi\"\n",
            "yaml_body_parsed": "apiVersion: apps/v1\nkind: Deployment\nmetadata:\n  name: tech-chall-app\nspec:\n  replicas: 1\n  selector:\n    matchLabels:\n      app: tech-chall-app\n  template:\n    metadata:\n      labels:\n        app: tech-chall-app\n    spec:\n      containers:\n      - env:\n        - name: SPRING_DATA_MONGODB_HOST\n          valueFrom:\n            configMapKeyRef:\n              key: SPRING_DATA_MONGODB_HOST\n              name: app-config\n        - name: SPRING_DATA_MONGODB_PORT\n          valueFrom:\n            configMapKeyRef:\n              key: SPRING_DATA_MONGODB_PORT\n              name: app-config\n        - name: SPRING_DATA_MONGODB_DATABASE\n          valueFrom:\n            configMapKeyRef:\n              key: SPRING_DATA_MONGODB_DATABASE\n              name: app-config\n        - name: SPRING_DATA_MONGODB_USERNAME\n          valueFrom:\n            secretKeyRef:\n              key: SPRING_DATA_MONGODB_USERNAME\n              name: app-secrets\n        - name: SPRING_DATA_MONGODB_PASSWORD\n          valueFrom:\n            secretKeyRef:\n              key: SPRING_DATA_MONGODB_PASSWORD\n              name: app-secrets\n        image: gabitriferreira/tech-challenge-app:latest\n        imagePullPolicy: Always\n        name: tech-chall-container\n        ports:\n        - containerPort: 8080\n        resources:\n          limits:\n            cpu: \"1\"\n            memory: 1Gi\n          requests:\n            cpu: 500m\n            memory: 512Mi\n",
            "yaml_incluster": "0f8b4146778304cd447732403506db71ac2bdf09d8510d2b32dcd67b5bed39d3"
          },
          "sensitive_attributes": [
            [
              {
                "type": "get_attr",
                "value": "live_manifest_incluster"
              }
            ],
            [
              {
                "type": "get_attr",
                "value": "yaml_body"
              }
            ],
            [
              {
                "type": "get_attr",
                "value": "yaml_incluster"
              }
            ]
          ],
          "identity_schema_version": 0,
          "private": "eyJlMmJmYjczMC1lY2FhLTExZTYtOGY4OC0zNDM2M2JjN2M0YzAiOnsiY3JlYXRlIjo2MDAwMDAwMDAwMDB9LCJzY2hlbWFfdmVyc2lvbiI6IjEifQ==",
          "dependencies": [
            "aws_eks_cluster.cluster",
            "aws_eks_node_group.node_group",
            "data.aws_eks_cluster.cluster",
            "data.aws_eks_cluster_auth.auth"
          ]
        }
      ]
    },
    {
      "mode": "managed",
      "type": "kubectl_manifest",
      "name": "hpa",
      "provider": "provider[\"registry.terraform.io/gavinbunney/kubectl\"]",
      "instances": [
        {
          "schema_version": 1,
          "attributes": {
            "api_version": "autoscaling/v2",
            "apply_only": false,
            "force_conflicts": false,
            "force_new": false,
            "id": "/apis/autoscaling/v2/namespaces/default/horizontalpodautoscalers/tech-chall-hpa",
            "ignore_fields": null,
            "kind": "HorizontalPodAutoscaler",
            "live_manifest_incluster": "a7a4fb50bea65c15887895d55f58e813705e91a9c3bc046ea9f3a5b63c0243f5",
            "live_uid": "00714173-1d7c-4536-8912-868fa4985b01",
            "name": "tech-chall-hpa",
            "namespace": null,
            "override_namespace": null,
            "sensitive_fields": null,
            "server_side_apply": false,
            "timeouts": null,
            "uid": "00714173-1d7c-4536-8912-868fa4985b01",
            "validate_schema": true,
            "wait": null,
            "wait_for_rollout": true,
            "yaml_body": "apiVersion: autoscaling/v2\nkind: HorizontalPodAutoscaler\nmetadata:\n  name: tech-chall-hpa\nspec:\n  scaleTargetRef:\n    apiVersion: apps/v1\n    kind: Deployment\n    name: tech-chall-app\n  minReplicas: 1\n  maxReplicas: 5\n  metrics:\n    - type: Resource\n      resource:\n        name: cpu\n        target:\n          type: Utilization\n          averageUtilization: 10\n",
            "yaml_body_parsed": "apiVersion: autoscaling/v2\nkind: HorizontalPodAutoscaler\nmetadata:\n  name: tech-chall-hpa\nspec:\n  maxReplicas: 5\n  metrics:\n  - resource:\n      name: cpu\n      target:\n        averageUtilization: 10\n        type: Utilization\n    type: Resource\n  minReplicas: 1\n  scaleTargetRef:\n    apiVersion: apps/v1\n    kind: Deployment\n    name: tech-chall-app\n",
            "yaml_incluster": "a7a4fb50bea65c15887895d55f58e813705e91a9c3bc046ea9f3a5b63c0243f5"
          },
          "sensitive_attributes": [
            [
              {
                "type": "get_attr",
                "value": "live_manifest_incluster"
              }
            ],
            [
              {
                "type": "get_attr",
                "value": "yaml_body"
              }
            ],
            [
              {
                "type": "get_attr",
                "value": "yaml_incluster"
              }
            ]
          ],
          "identity_schema_version": 0,
          "private": "eyJlMmJmYjczMC1lY2FhLTExZTYtOGY4OC0zNDM2M2JjN2M0YzAiOnsiY3JlYXRlIjo2MDAwMDAwMDAwMDB9LCJzY2hlbWFfdmVyc2lvbiI6IjEifQ==",
          "dependencies": [
            "aws_eks_cluster.cluster",
            "aws_eks_node_group.node_group",
            "data.aws_eks_cluster.cluster",
            "data.aws_eks_cluster_auth.auth"
          ]
        }
      ]
    },
    {
      "mode": "managed",
      "type": "kubectl_manifest",
      "name": "mongo-deploy",
      "provider": "provider[\"registry.terraform.io/gavinbunney/kubectl\"]",
      "instances": [
        {
          "schema_version": 1,
          "attributes": {
            "api_version": "apps/v1",
            "apply_only": false,
            "force_conflicts": false,
            "force_new": false,
            "id": "/apis/apps/v1/namespaces/default/deployments/mongodb",
            "ignore_fields": null,
            "kind": "Deployment",
            "live_manifest_incluster": "efd023b4600660cac22e5f3bbee97aeb4e875893626bb20f9120ce0d1881f91e",
            "live_uid": "55bb7c01-8f22-4a9f-a4a8-d9bd2b0b429b",
            "name": "mongodb",
            "namespace": null,
            "override_namespace": null,
            "sensitive_fields": null,
            "server_side_apply": false,
            "timeouts": null,
            "uid": "55bb7c01-8f22-4a9f-a4a8-d9bd2b0b429b",
            "validate_schema": true,
            "wait": null,
            "wait_for_rollout": true,
            "yaml_body": "apiVersion: apps/v1\nkind: Deployment\nmetadata:\n  name: mongodb\nspec:\n  replicas: 1\n  selector:\n    matchLabels:\n      app: mongodb\n  template:\n    metadata:\n      labels:\n        app: mongodb\n    spec:\n      containers:\n        - name: mongodb\n          image: mongo:7.0\n          ports:\n            - containerPort: 27017\n          env:\n            - name: MONGO_INITDB_DATABASE\n              valueFrom:\n                configMapKeyRef:\n                  name: app-config\n                  key: SPRING_DATA_MONGODB_DATABASE\n            - name: MONGO_INITDB_ROOT_USERNAME\n              valueFrom:\n                secretKeyRef:\n                  name: app-secrets\n                  key: SPRING_DATA_MONGODB_USERNAME\n            - name: MONGO_INITDB_ROOT_PASSWORD\n              valueFrom:\n                secretKeyRef:\n                  name: app-secrets\n                  key: SPRING_DATA_MONGODB_PASSWORD\n",
            "yaml_body_parsed": "apiVersion: apps/v1\nkind: Deployment\nmetadata:\n  name: mongodb\nspec:\n  replicas: 1\n  selector:\n    matchLabels:\n      app: mongodb\n  template:\n    metadata:\n      labels:\n        app: mongodb\n    spec:\n      containers:\n      - env:\n        - name: MONGO_INITDB_DATABASE\n          valueFrom:\n            configMapKeyRef:\n              key: SPRING_DATA_MONGODB_DATABASE\n              name: app-config\n        - name: MONGO_INITDB_ROOT_USERNAME\n          valueFrom:\n            secretKeyRef:\n              key: SPRING_DATA_MONGODB_USERNAME\n              name: app-secrets\n        - name: MONGO_INITDB_ROOT_PASSWORD\n          valueFrom:\n            secretKeyRef:\n              key: SPRING_DATA_MONGODB_PASSWORD\n              name: app-secrets\n        image: mongo:7.0\n        name: mongodb\n        ports:\n        - containerPort: 27017\n",
            "yaml_incluster": "efd023b4600660cac22e5f3bbee97aeb4e875893626bb20f9120ce0d1881f91e"
          },
          "sensitive_attributes": [
            [
              {
                "type": "get_attr",
                "value": "live_manifest_incluster"
              }
            ],
            [
              {
                "type": "get_attr",
                "value": "yaml_body"
              }
            ],
            [
              {
                "type": "get_attr",
                "value": "yaml_incluster"
              }
            ]
          ],
          "identity_schema_version": 0,
          "private": "eyJlMmJmYjczMC1lY2FhLTExZTYtOGY4OC0zNDM2M2JjN2M0YzAiOnsiY3JlYXRlIjo2MDAwMDAwMDAwMDB9LCJzY2hlbWFfdmVyc2lvbiI6IjEifQ==",
          "dependencies": [
            "aws_eks_cluster.cluster",
            "aws_eks_node_group.node_group",
            "data.aws_eks_cluster.cluster",
            "data.aws_eks_cluster_auth.auth"
          ]
        }
      ]
    },
    {
      "mode": "managed",
      "type": "kubectl_manifest",
      "name": "mongo-service",
      "provider": "provider[\"registry.terraform.io/gavinbunney/kubectl\"]",
      "instances": [
        {
          "schema_version": 1,
          "attributes": {
            "api_version": "v1",
            "apply_only": false,
            "force_conflicts": false,
            "force_new": false,
            "id": "/api/v1/namespaces/default/services/mongodb",
            "ignore_fields": null,
            "kind": "Service",
            "live_manifest_incluster": "a3b35126b65f2bb3a9c092c5c2b733dc386cd4ee465c672e54abe0ba4191ea59",
            "live_uid": "bc40d254-75ab-4621-be20-1c523d748845",
            "name": "mongodb",
            "namespace": null,
            "override_namespace": null,
            "sensitive_fields": null,
            "server_side_apply": false,
            "timeouts": null,
            "uid": "bc40d254-75ab-4621-be20-1c523d748845",
            "validate_schema": true,
            "wait": null,
            "wait_for_rollout": true,
            "yaml_body": "apiVersion: v1\nkind: Service\nmetadata:\n  name: mongodb\nspec:\n  selector:\n    app: mongodb\n  ports:\n    - port: 27017\n      targetPort: 27017\n",
            "yaml_body_parsed": "apiVersion: v1\nkind: Service\nmetadata:\n  name: mongodb\nspec:\n  ports:\n  - port: 27017\n    targetPort: 27017\n  selector:\n    app: mongodb\n",
            "yaml_incluster": "a3b35126b65f2bb3a9c092c5c2b733dc386cd4ee465c672e54abe0ba4191ea59"
          },
          "sensitive_attributes": [
            [
              {
                "type": "get_attr",
                "value": "live_manifest_incluster"
              }
            ],
            [
              {
                "type": "get_attr",
                "value": "yaml_body"
              }
            ],
            [
              {
                "type": "get_attr",
                "value": "yaml_incluster"
              }
            ]
          ],
          "identity_schema_version": 0,
          "private": "eyJlMmJmYjczMC1lY2FhLTExZTYtOGY4OC0zNDM2M2JjN2M0YzAiOnsiY3JlYXRlIjo2MDAwMDAwMDAwMDB9LCJzY2hlbWFfdmVyc2lvbiI6IjEifQ==",
          "dependencies": [
            "aws_eks_cluster.cluster",
            "aws_eks_node_group.node_group",
            "data.aws_eks_cluster.cluster",
            "data.aws_eks_cluster_auth.auth"
          ]
        }
      ]
    },
    {
      "mode": "managed",
      "type": "kubectl_manifest",
      "name": "secret",
      "provider": "provider[\"registry.terraform.io/gavinbunney/kubectl\"]",
      "instances": [
        {
          "schema_version": 1,
          "attributes": {
            "api_version": "v1",
            "apply_only": false,
            "force_conflicts": false,
            "force_new": false,
            "id": "/api/v1/namespaces/default/secrets/app-secrets",
            "ignore_fields": null,
            "kind": "Secret",
            "live_manifest_incluster": "5eb43f970bdac9294267cc4afc8dc6f71a11b087d275c300a1807987a93e1fb7",
            "live_uid": "41706e5c-cbdb-4ebf-9291-f19ba1f3816c",
            "name": "app-secrets",
            "namespace": null,
            "override_namespace": null,
            "sensitive_fields": null,
            "server_side_apply": false,
            "timeouts": null,
            "uid": "41706e5c-cbdb-4ebf-9291-f19ba1f3816c",
            "validate_schema": true,
            "wait": null,
            "wait_for_rollout": true,
            "yaml_body": "apiVersion: v1\nkind: Secret\nmetadata:\n  name: app-secrets\ntype: Opaque\nstringData:\n  SPRING_DATA_MONGODB_USERNAME: admin\n  SPRING_DATA_MONGODB_PASSWORD: password\n",
            "yaml_body_parsed": "apiVersion: v1\nkind: Secret\nmetadata:\n  name: app-secrets\nstringData:\n  SPRING_DATA_MONGODB_PASSWORD: password\n  SPRING_DATA_MONGODB_USERNAME: admin\ntype: Opaque\n",
            "yaml_incluster": "5eb43f970bdac9294267cc4afc8dc6f71a11b087d275c300a1807987a93e1fb7"
          },
          "sensitive_attributes": [
            [
              {
                "type": "get_attr",
                "value": "live_manifest_incluster"
              }
            ],
            [
              {
                "type": "get_attr",
                "value": "yaml_body"
              }
            ],
            [
              {
                "type": "get_attr",
                "value": "yaml_incluster"
              }
            ]
          ],
          "identity_schema_version": 0,
          "private": "eyJlMmJmYjczMC1lY2FhLTExZTYtOGY4OC0zNDM2M2JjN2M0YzAiOnsiY3JlYXRlIjo2MDAwMDAwMDAwMDB9LCJzY2hlbWFfdmVyc2lvbiI6IjEifQ==",
          "dependencies": [
            "aws_eks_cluster.cluster",
            "aws_eks_node_group.node_group",
            "data.aws_eks_cluster.cluster",
            "data.aws_eks_cluster_auth.auth"
          ]
        }
      ]
    },
    {
      "mode": "managed",
      "type": "kubectl_manifest",
      "name": "service",
      "provider": "provider[\"registry.terraform.io/gavinbunney/kubectl\"]",
      "instances": [
        {
          "schema_version": 1,
          "attributes": {
            "api_version": "v1",
            "apply_only": false,
            "force_conflicts": false,
            "force_new": false,
            "id": "/api/v1/namespaces/default/services/tech-chall-service",
            "ignore_fields": null,
            "kind": "Service",
            "live_manifest_incluster": "832c6cccfec9cb6998b4757fb5a62a43c17d3bad8fd2dd57a0e401b9d4e37f0e",
            "live_uid": "4a94847e-1188-4794-a69a-9e5bd1be2c1b",
            "name": "tech-chall-service",
            "namespace": null,
            "override_namespace": null,
            "sensitive_fields": null,
            "server_side_apply": false,
            "timeouts": null,
            "uid": "4a94847e-1188-4794-a69a-9e5bd1be2c1b",
            "validate_schema": true,
            "wait": null,
            "wait_for_rollout": true,
            "yaml_body": "apiVersion: v1\nkind: Service\nmetadata:\n  name: tech-chall-service\nspec:\n  type: LoadBalancer\n  selector:\n    app: tech-chall-app\n  ports:\n    - name: http\n      port: 8080\n      targetPort: 8080\n",
            "yaml_body_parsed": "apiVersion: v1\nkind: Service\nmetadata:\n  name: tech-chall-service\nspec:\n  ports:\n  - name: http\n    port: 8080\n    targetPort: 8080\n  selector:\n    app: tech-chall-app\n  type: LoadBalancer\n",
            "yaml_incluster": "832c6cccfec9cb6998b4757fb5a62a43c17d3bad8fd2dd57a0e401b9d4e37f0e"
          },
          "sensitive_attributes": [
            [
              {
                "type": "get_attr",
                "value": "live_manifest_incluster"
              }
            ],
            [
              {
                "type": "get_attr",
                "value": "yaml_body"
              }
            ],
            [
              {
                "type": "get_attr",
                "value": "yaml_incluster"
              }
            ]
          ],
          "identity_schema_version": 0,
          "private": "eyJlMmJmYjczMC1lY2FhLTExZTYtOGY4OC0zNDM2M2JjN2M0YzAiOnsiY3JlYXRlIjo2MDAwMDAwMDAwMDB9LCJzY2hlbWFfdmVyc2lvbiI6IjEifQ==",
          "dependencies": [
            "aws_eks_cluster.cluster",
            "aws_eks_node_group.node_group",
            "data.aws_eks_cluster.cluster",
            "data.aws_eks_cluster_auth.auth"
          ]
        }
      ]
    }
  ],
  "check_results": null
}
