{
  "version": 4,
  "terraform_version": "1.12.2",
  "serial": 207,
  "lineage": "5f7d13d4-bb1b-b815-e6a9-f99c012f2f4a",
  "outputs": {},
  "resources": [
    {
      "mode": "data",
      "type": "aws_eks_cluster",
      "name": "cluster",
      "provider": "provider[\"registry.terraform.io/hashicorp/aws\"]",
      "instances": [
        {
          "schema_version": 0,
          "attributes": {
            "access_config": [
              {
                "authentication_mode": "API",
                "bootstrap_cluster_creator_admin_permissions": true
              }
            ],
            "arn": "arn:aws:eks:us-east-1:955655757785:cluster/eks-tech-challenge-fiap",
            "certificate_authority": [
              {
                "data": "LS0tLS1CRUdJTiBDRVJUSUZJQ0FURS0tLS0tCk1JSURCVENDQWUyZ0F3SUJBZ0lJQjk1TVpLNThEYXd3RFFZSktvWklodmNOQVFFTEJRQXdGVEVUTUJFR0ExVUUKQXhNS2EzVmlaWEp1WlhSbGN6QWVGdzB5TlRBNE1qZ3dNVEF5TkRoYUZ3MHpOVEE0TWpZd01UQTNORGhhTUJVeApFekFSQmdOVkJBTVRDbXQxWW1WeWJtVjBaWE13Z2dFaU1BMEdDU3FHU0liM0RRRUJBUVVBQTRJQkR3QXdnZ0VLCkFvSUJBUUNwbU5DY0IvaG5YdmZBb3ZQT0pCSXEydjhHTElraWIyYW1sSnVPNkdqMlppUytYejZYUk1VeERKamUKb3NISFFZSmxLMzNOb2lIRzhCYU9iaW1hSmxIOFJNa0c2aXJxc3RJaVRVZGtTOHVJb2NLY2w4YldwbzBqK0tOZQo0RUk0L0UwTlhFSE95N2haRkZObDVkU3RpMXU3RVlqekVWaWQ2emRJMkJ1SVR5eG5Wb0Vvcko4a1lFUS9objNyCk1IMXAzdUNMRFZXMzFEd3NJbXoxUk1RWHQraFVENndQbEN0U2RENEtRcytHblFFMllqOUc2TXRtNjNWWWF0Y20KUVRGR0JBZDA1UC85UTlHYkIwSkpaY0JUYjRpZXhGeUZuK3EwK0JSd0JDUnIvdy92aGg4bkl6M3JXSDVMMmlQcApESFlnVnhVaVIvMU1XSmRvNWpoazlNQVo4R1JEQWdNQkFBR2pXVEJYTUE0R0ExVWREd0VCL3dRRUF3SUNwREFQCkJnTlZIUk1CQWY4RUJUQURBUUgvTUIwR0ExVWREZ1FXQkJRaWFmRGltYjloMlRFWk55Y2hUMVVyQjhCSjRqQVYKQmdOVkhSRUVEakFNZ2dwcmRXSmxjbTVsZEdWek1BMEdDU3FHU0liM0RRRUJDd1VBQTRJQkFRQVZQMERTU29tMQpHOGJsLzc2em1uRlo1UDI0M1BJamROSEEwOFVSVnNuM3ZYRUFoa28yMHpsUVhzdjB0a2czWWtjMkd5Vnp5Qk15CktSMmx5eTJJTGUrT09DbzYvamVjYTQzSUVMTW5waEFwbkZuVjRma2tibGlWN0FFbjlUK2VtQTFqV21JYVh3QjEKdHJQak5RTEZuVTJUcFdsNUc1YVNzQTFkY3NRZHBMaklzQWFtMmdXTDlrODM0S2k0dmRUNDk1UnRYRk92UVJuUwpsUGI4d1lXWHhRcERZZm9qVGIrWmZPOE1HVUxPVXU0U0xvUXo5RXh0Z0RzNHl0enJXYjB5MFhsYnhpcHZwU2VTCjZsUCtqWHhCRHgxUXNWV3R2YkdURWpLcWJ3OVpoLzlpMlR0NUhBOW1aTmxKdlQ0YVJvbWlYZm1OK01TT2EwekUKZVo2LzJGQ2xuWVBNCi0tLS0tRU5EIENFUlRJRklDQVRFLS0tLS0K"
              }
            ],
            "cluster_id": null,
            "compute_config": [],
            "created_at": "2025-08-28T01:02:59Z",
            "enabled_cluster_log_types": [],
            "endpoint": "https://1B267D26FAE7B2CD174B757469AA6E48.gr7.us-east-1.eks.amazonaws.com",
            "id": "eks-tech-challenge-fiap",
            "identity": [
              {
                "oidc": [
                  {
                    "issuer": "https://oidc.eks.us-east-1.amazonaws.com/id/1B267D26FAE7B2CD174B757469AA6E48"
                  }
                ]
              }
            ],
            "kubernetes_network_config": [
              {
                "elastic_load_balancing": [
                  {
                    "enabled": false
                  }
                ],
                "ip_family": "ipv4",
                "service_ipv4_cidr": "10.100.0.0/16",
                "service_ipv6_cidr": ""
              }
            ],
            "name": "eks-tech-challenge-fiap",
            "outpost_config": [],
            "platform_version": "eks.34",
            "remote_network_config": [],
            "role_arn": "arn:aws:iam::955655757785:role/c173096a4485959l11231379t1w955655-LabEksClusterRole-m4qqQlksFcNz",
            "status": "ACTIVE",
            "storage_config": [],
            "tags": {},
            "upgrade_policy": [
              {
                "support_type": "EXTENDED"
              }
            ],
            "version": "1.31",
            "vpc_config": [
              {
                "cluster_security_group_id": "sg-0d377bca4a9a5445f",
                "endpoint_private_access": false,
                "endpoint_public_access": true,
                "public_access_cidrs": [
                  "0.0.0.0/0"
                ],
                "security_group_ids": [],
                "subnet_ids": [
                  "subnet-02bf558fe210fe77c",
                  "subnet-0328f13dd2d347ca4",
                  "subnet-0ea4f4663e9c54392"
                ],
                "vpc_id": "vpc-064a7177ea32d8336"
              }
            ],
            "zonal_shift_config": []
          },
          "sensitive_attributes": [],
          "identity_schema_version": 0
        }
      ]
    },
    {
      "mode": "data",
      "type": "aws_eks_cluster_auth",
      "name": "auth",
      "provider": "provider[\"registry.terraform.io/hashicorp/aws\"]",
      "instances": [
        {
          "schema_version": 0,
          "attributes": {
            "id": "eks-tech-challenge-fiap",
            "name": "eks-tech-challenge-fiap",
            "token": "k8s-aws-v1.aHR0cHM6Ly9zdHMudXMtZWFzdC0xLmFtYXpvbmF3cy5jb20vP0FjdGlvbj1HZXRDYWxsZXJJZGVudGl0eSZWZXJzaW9uPTIwMTEtMDYtMTUmWC1BbXotQWxnb3JpdGhtPUFXUzQtSE1BQy1TSEEyNTYmWC1BbXotQ3JlZGVudGlhbD1BU0lBNTVBTUZUN01UVFdNU1BRRCUyRjIwMjUwODI4JTJGdXMtZWFzdC0xJTJGc3RzJTJGYXdzNF9yZXF1ZXN0JlgtQW16LURhdGU9MjAyNTA4MjhUMDExMzQ2WiZYLUFtei1FeHBpcmVzPTAmWC1BbXotU2VjdXJpdHktVG9rZW49SVFvSmIzSnBaMmx1WDJWakVEOGFDWFZ6TFhkbGMzUXRNaUpITUVVQ0lRRDRoZHJ3R3paTCUyRiUyRnVvTEdsU3V6c0JCRThtRVB6eDlWJTJCJTJGQVdtZGhXc1RiZ0lnUk4lMkJyb3hFZVlSQzFxV1FOemtKWkk4dUxxYVA4QVNwRWcwZGpzNWNCSklBcXNRSUltUCUyRiUyRiUyRiUyRiUyRiUyRiUyRiUyRiUyRiUyRkFSQUFHZ3c1TlRVMk5UVTNOVGMzT0RVaURKYm9pMUdFQlNtJTJGRDlacGJDcUZBbzdheUVmekpaZFQwR1pkdyUyQnJxaGZmZlczJTJGRXdOMGtkS0NkdTJ5QUJNOEhudVJTejh6dUw5R1BEN0VCUURIek1mRiUyQm5pWXBVQkpLQTk3N2V5bEdXVXFxbTdNc3d6RWIlMkJLaHZxSXhaTXZUbjhLVUxudXBPd3lJRjN0MTV4SEZoMTdhdlk2eU9xMGExd2pZTE5jRFVnT28xdG0lMkZwYVkwSHZNQ2EyUFZmTVRoZXRTamVKNGx0UndwaHdFbFNiSnBwaUNYOWdKeTZQSTYlMkZKbkRoWTRyTW1LJTJCZVNYVzdTbERSNSUyQkwxdkp1YjJXQ0F1eWg0U2EyYnNCeHNwNjRaakFGQ3pqdkRFQnpDVUI4VDhHdXJzZzhnZ0IyVG1ybVNuazVuT0hTciUyRlBBc3dNaXBRaGRjbUxuekVIRmluMjJJTDBFdjhIZXlwQ2pVbjdMcE9za0tsJTJGSTZLTlY1cDB6SElqQ0xqNzdGQmpxZEFhWlY5QWdQbVdlblU1ZDA2ODdWZlUyeUZycVBjWlNqRUZzaTg0MHlqRmg1MGhKdSUyRkswSEElMkJ4SjRoaG43WDJjdHdkVVJOTnlFU1hqZE1CNjZ6VU93bTNOYlRmVExVRlE5aVNNViUyRkNnVmVWTEglMkZhSXF5aDY5UTR0JTJGUnBmJTJGQmNZRHRjS3l3QjRiYnBLVlpNUHpuQmNzayUyQiUyQngybmo2aVFFajdJYVU1Q3RwS2p6YmIwMmdaRTJmY1ZxayUyRnpzVyUyQjdLJTJGemRJWm82TFFLSFA2cUlOUnJVJTNEJlgtQW16LVNpZ25lZEhlYWRlcnM9aG9zdCUzQngtazhzLWF3cy1pZCZYLUFtei1TaWduYXR1cmU9ZWJmMmMxMzgyMzY2MTY3ZDZmNzFiNTJjNDA4YjFjNGI2M2VkZmY2NGJkYjZmYWVmNzJmNzI1NGIzNzMwY2JlOA"
          },
          "sensitive_attributes": [
            [
              {
                "type": "get_attr",
                "value": "token"
              }
            ]
          ],
          "identity_schema_version": 0
        }
      ]
    },
    {
      "mode": "managed",
      "type": "aws_eks_access_entry",
      "name": "access_entry",
      "provider": "provider[\"registry.terraform.io/hashicorp/aws\"]",
      "instances": [
        {
          "schema_version": 0,
          "attributes": {
            "access_entry_arn": "arn:aws:eks:us-east-1:955655757785:access-entry/eks-tech-challenge-fiap/role/955655757785/voclabs/42cc771e-8509-38d2-6217-bf95be313904",
            "cluster_name": "eks-tech-challenge-fiap",
            "created_at": "2025-08-28T01:13:54Z",
            "id": "eks-tech-challenge-fiap:arn:aws:iam::955655757785:role/voclabs",
            "kubernetes_groups": [
              "grupo-1"
            ],
            "modified_at": "2025-08-28T01:13:54Z",
            "principal_arn": "arn:aws:iam::955655757785:role/voclabs",
            "tags": null,
            "tags_all": {},
            "timeouts": null,
            "type": "STANDARD",
            "user_name": "arn:aws:sts::955655757785:assumed-role/voclabs/{{SessionName}}"
          },
          "sensitive_attributes": [],
          "identity_schema_version": 0,
          "private": "eyJlMmJmYjczMC1lY2FhLTExZTYtOGY4OC0zNDM2M2JjN2M0YzAiOnsiY3JlYXRlIjo2MDAwMDAwMDAwMDAsImRlbGV0ZSI6NjAwMDAwMDAwMDAwfX0=",
          "dependencies": [
            "aws_eks_cluster.cluster"
          ]
        }
      ]
    },
    {
      "mode": "managed",
      "type": "aws_eks_access_policy_association",
      "name": "access_entry_association",
      "provider": "provider[\"registry.terraform.io/hashicorp/aws\"]",
      "instances": [
        {
          "schema_version": 0,
          "attributes": {
            "access_scope": [
              {
                "namespaces": null,
                "type": "cluster"
              }
            ],
            "associated_at": "2025-08-28 01:13:54.627 +0000 UTC",
            "cluster_name": "eks-tech-challenge-fiap",
            "id": "eks-tech-challenge-fiap#arn:aws:iam::955655757785:role/voclabs#arn:aws:eks::aws:cluster-access-policy/AmazonEKSClusterAdminPolicy",
            "modified_at": "2025-08-28 01:13:54.627 +0000 UTC",
            "policy_arn": "arn:aws:eks::aws:cluster-access-policy/AmazonEKSClusterAdminPolicy",
            "principal_arn": "arn:aws:iam::955655757785:role/voclabs",
            "timeouts": null
          },
          "sensitive_attributes": [],
          "identity_schema_version": 0,
          "private": "eyJlMmJmYjczMC1lY2FhLTExZTYtOGY4OC0zNDM2M2JjN2M0YzAiOnsiY3JlYXRlIjo2MDAwMDAwMDAwMDAsImRlbGV0ZSI6NjAwMDAwMDAwMDAwfX0=",
          "dependencies": [
            "aws_eks_cluster.cluster"
          ]
        }
      ]
    },
    {
      "mode": "managed",
      "type": "aws_eks_cluster",
      "name": "cluster",
      "provider": "provider[\"registry.terraform.io/hashicorp/aws\"]",
      "instances": [
        {
          "schema_version": 1,
          "attributes": {
            "access_config": [
              {
                "authentication_mode": "API",
                "bootstrap_cluster_creator_admin_permissions": false
              }
            ],
            "arn": "arn:aws:eks:us-east-1:955655757785:cluster/eks-tech-challenge-fiap",
            "bootstrap_self_managed_addons": true,
            "certificate_authority": [
              {
                "data": "LS0tLS1CRUdJTiBDRVJUSUZJQ0FURS0tLS0tCk1JSURCVENDQWUyZ0F3SUJBZ0lJQjk1TVpLNThEYXd3RFFZSktvWklodmNOQVFFTEJRQXdGVEVUTUJFR0ExVUUKQXhNS2EzVmlaWEp1WlhSbGN6QWVGdzB5TlRBNE1qZ3dNVEF5TkRoYUZ3MHpOVEE0TWpZd01UQTNORGhhTUJVeApFekFSQmdOVkJBTVRDbXQxWW1WeWJtVjBaWE13Z2dFaU1BMEdDU3FHU0liM0RRRUJBUVVBQTRJQkR3QXdnZ0VLCkFvSUJBUUNwbU5DY0IvaG5YdmZBb3ZQT0pCSXEydjhHTElraWIyYW1sSnVPNkdqMlppUytYejZYUk1VeERKamUKb3NISFFZSmxLMzNOb2lIRzhCYU9iaW1hSmxIOFJNa0c2aXJxc3RJaVRVZGtTOHVJb2NLY2w4YldwbzBqK0tOZQo0RUk0L0UwTlhFSE95N2haRkZObDVkU3RpMXU3RVlqekVWaWQ2emRJMkJ1SVR5eG5Wb0Vvcko4a1lFUS9objNyCk1IMXAzdUNMRFZXMzFEd3NJbXoxUk1RWHQraFVENndQbEN0U2RENEtRcytHblFFMllqOUc2TXRtNjNWWWF0Y20KUVRGR0JBZDA1UC85UTlHYkIwSkpaY0JUYjRpZXhGeUZuK3EwK0JSd0JDUnIvdy92aGg4bkl6M3JXSDVMMmlQcApESFlnVnhVaVIvMU1XSmRvNWpoazlNQVo4R1JEQWdNQkFBR2pXVEJYTUE0R0ExVWREd0VCL3dRRUF3SUNwREFQCkJnTlZIUk1CQWY4RUJUQURBUUgvTUIwR0ExVWREZ1FXQkJRaWFmRGltYjloMlRFWk55Y2hUMVVyQjhCSjRqQVYKQmdOVkhSRUVEakFNZ2dwcmRXSmxjbTVsZEdWek1BMEdDU3FHU0liM0RRRUJDd1VBQTRJQkFRQVZQMERTU29tMQpHOGJsLzc2em1uRlo1UDI0M1BJamROSEEwOFVSVnNuM3ZYRUFoa28yMHpsUVhzdjB0a2czWWtjMkd5Vnp5Qk15CktSMmx5eTJJTGUrT09DbzYvamVjYTQzSUVMTW5waEFwbkZuVjRma2tibGlWN0FFbjlUK2VtQTFqV21JYVh3QjEKdHJQak5RTEZuVTJUcFdsNUc1YVNzQTFkY3NRZHBMaklzQWFtMmdXTDlrODM0S2k0dmRUNDk1UnRYRk92UVJuUwpsUGI4d1lXWHhRcERZZm9qVGIrWmZPOE1HVUxPVXU0U0xvUXo5RXh0Z0RzNHl0enJXYjB5MFhsYnhpcHZwU2VTCjZsUCtqWHhCRHgxUXNWV3R2YkdURWpLcWJ3OVpoLzlpMlR0NUhBOW1aTmxKdlQ0YVJvbWlYZm1OK01TT2EwekUKZVo2LzJGQ2xuWVBNCi0tLS0tRU5EIENFUlRJRklDQVRFLS0tLS0K"
              }
            ],
            "cluster_id": null,
            "compute_config": [],
            "created_at": "2025-08-28T01:02:59Z",
            "enabled_cluster_log_types": [],
            "encryption_config": [],
            "endpoint": "https://1B267D26FAE7B2CD174B757469AA6E48.gr7.us-east-1.eks.amazonaws.com",
            "force_update_version": null,
            "id": "eks-tech-challenge-fiap",
            "identity": [
              {
                "oidc": [
                  {
                    "issuer": "https://oidc.eks.us-east-1.amazonaws.com/id/1B267D26FAE7B2CD174B757469AA6E48"
                  }
                ]
              }
            ],
            "kubernetes_network_config": [
              {
                "elastic_load_balancing": [
                  {
                    "enabled": false
                  }
                ],
                "ip_family": "ipv4",
                "service_ipv4_cidr": "10.100.0.0/16",
                "service_ipv6_cidr": ""
              }
            ],
            "name": "eks-tech-challenge-fiap",
            "outpost_config": [],
            "platform_version": "eks.34",
            "remote_network_config": [],
            "role_arn": "arn:aws:iam::955655757785:role/c173096a4485959l11231379t1w955655-LabEksClusterRole-m4qqQlksFcNz",
            "status": "ACTIVE",
            "storage_config": [],
            "tags": {},
            "tags_all": {},
            "timeouts": null,
            "upgrade_policy": [
              {
                "support_type": "EXTENDED"
              }
            ],
            "version": "1.31",
            "vpc_config": [
              {
                "cluster_security_group_id": "sg-0d377bca4a9a5445f",
                "endpoint_private_access": false,
                "endpoint_public_access": true,
                "public_access_cidrs": [
                  "0.0.0.0/0"
                ],
                "security_group_ids": [],
                "subnet_ids": [
                  "subnet-02bf558fe210fe77c",
                  "subnet-0328f13dd2d347ca4",
                  "subnet-0ea4f4663e9c54392"
                ],
                "vpc_id": "vpc-064a7177ea32d8336"
              }
            ],
            "zonal_shift_config": []
          },
          "sensitive_attributes": [],
          "identity_schema_version": 0,
          "private": "eyJlMmJmYjczMC1lY2FhLTExZTYtOGY4OC0zNDM2M2JjN2M0YzAiOnsiY3JlYXRlIjoxODAwMDAwMDAwMDAwLCJkZWxldGUiOjkwMDAwMDAwMDAwMCwidXBkYXRlIjozNjAwMDAwMDAwMDAwfSwic2NoZW1hX3ZlcnNpb24iOiIxIn0="
        }
      ]
    }
  ],
  "check_results": null
}
