{
  "version": 4,
  "terraform_version": "1.12.2",
  "serial": 32,
  "lineage": "5f7d13d4-bb1b-b815-e6a9-f99c012f2f4a",
  "outputs": {},
  "resources": [
    {
      "mode": "data",
      "type": "aws_eks_cluster",
      "name": "cluster",
      "provider": "provider[\"registry.terraform.io/hashicorp/aws\"]",
      "instances": [
        {
          "schema_version": 0,
          "attributes": {
            "access_config": [
              {
                "authentication_mode": "API",
                "bootstrap_cluster_creator_admin_permissions": true
              }
            ],
            "arn": "arn:aws:eks:us-east-1:955655757785:cluster/eks-tech-challenge-fiap",
            "certificate_authority": [
              {
                "data": "LS0tLS1CRUdJTiBDRVJUSUZJQ0FURS0tLS0tCk1JSURCVENDQWUyZ0F3SUJBZ0lJTno4OENGU25YeVl3RFFZSktvWklodmNOQVFFTEJRQXdGVEVUTUJFR0ExVUUKQXhNS2EzVmlaWEp1WlhSbGN6QWVGdzB5TlRBNE1qVXlNalF3TlRGYUZ3MHpOVEE0TWpNeU1qUTFOVEZhTUJVeApFekFSQmdOVkJBTVRDbXQxWW1WeWJtVjBaWE13Z2dFaU1BMEdDU3FHU0liM0RRRUJBUVVBQTRJQkR3QXdnZ0VLCkFvSUJBUUM3T1lNOVRPcDJsTkdCNmc3eWpMTSttY0psVzg4OG5RSkpRSTBUTDV2d29aNGJYM2krbC9LVWd1MWgKOGd5dFVLWWc5UHFoSXJRRDdtc3VPVnRnWERWZnJnVmFMajBaV1NwN3Zpc05XMTg4S0EwVFhRWUZPM2tqUlBvTwpYQ1l1TnptVHUwaU5nK2ZleXg3VGk4d05MNHRkSGd5QWJpVk91bThRcGZsYkhDTGgyV1IwdlZrRDZDYlFYQm4vClhTb3FVL05ZTVRhSnlJanY0UXFzeTZucjhwUi9aZXhVUWhkSGFtRE0wa083NCtTbndNSjgxejQ2QlhYdHl2cUIKRlBHZEI5SWFXaHRJY0o3cXJKUmZ6RXZoaWM4NWFwcHRvWGNhaWU0cmFrN3B6MTY1eFhtSG0zNnhHdkdaUEVxbwpjZ2RaRDlpTVVIcDlUOXQ4dzE1U2hNUHY3RnN4QWdNQkFBR2pXVEJYTUE0R0ExVWREd0VCL3dRRUF3SUNwREFQCkJnTlZIUk1CQWY4RUJUQURBUUgvTUIwR0ExVWREZ1FXQkJRYnZMOTZMRFhMZnl1ZzVCMTZscVQvY3lWUWxUQVYKQmdOVkhSRUVEakFNZ2dwcmRXSmxjbTVsZEdWek1BMEdDU3FHU0liM0RRRUJDd1VBQTRJQkFRQ1A3Z2ZBWmhuawpTUjJ4YjA3NURjRDZBVW5HcUdxRjFzSG10emNESWMrdnltbUFHUjlQaGh2eFdNVVBnQ21zZDFjMERUUnVNNzlJCkZCNG90UTRqN3FKOE9zbG1GMnZncUNKczRFZHQ2RzJQa2dZUjZXV0lkSmtERUJPN2dOSUFCWXJneEpGcG5QUXcKdTBKMnA0bTBTMlp3SHg1RkNPTXg2bG1aK0ZVeFplL0tLd3RWdTFEZlZQNGFZbnpKaDIwZGZMVWZwaFk3cUxjZgplVzg2QThQTjlQU1g3V0ZHazlieHBDb0VCcS9lZURmUkF3OEpPMFpqMWZRQlprVVVmQW9oT2R6RXVtTkJhM2Y4CjVhVG1udUxoR1haZnJLTER0N3psOHY5ZUxkcFNrWTkyVHNpT2FEMVJQSmd4WTZoamR4UTJkSytOeGVWbzNQRzQKajFqSHkxSjI3RVAyCi0tLS0tRU5EIENFUlRJRklDQVRFLS0tLS0K"
              }
            ],
            "cluster_id": null,
            "compute_config": [],
            "created_at": "2025-08-25T22:41:03Z",
            "enabled_cluster_log_types": [],
            "endpoint": "https://0B285D11FE60B742B8A8A24E1129EB90.gr7.us-east-1.eks.amazonaws.com",
            "id": "eks-tech-challenge-fiap",
            "identity": [
              {
                "oidc": [
                  {
                    "issuer": "https://oidc.eks.us-east-1.amazonaws.com/id/0B285D11FE60B742B8A8A24E1129EB90"
                  }
                ]
              }
            ],
            "kubernetes_network_config": [
              {
                "elastic_load_balancing": [
                  {
                    "enabled": false
                  }
                ],
                "ip_family": "ipv4",
                "service_ipv4_cidr": "10.100.0.0/16",
                "service_ipv6_cidr": ""
              }
            ],
            "name": "eks-tech-challenge-fiap",
            "outpost_config": [],
            "platform_version": "eks.34",
            "remote_network_config": [],
            "role_arn": "arn:aws:iam::955655757785:role/c173096a4485959l11231379t1w955655-LabEksClusterRole-m4qqQlksFcNz",
            "status": "ACTIVE",
            "storage_config": [],
            "tags": {},
            "upgrade_policy": [
              {
                "support_type": "EXTENDED"
              }
            ],
            "version": "1.31",
            "vpc_config": [
              {
                "cluster_security_group_id": "sg-027c6a55366a22aa8",
                "endpoint_private_access": false,
                "endpoint_public_access": true,
                "public_access_cidrs": [
                  "0.0.0.0/0"
                ],
                "security_group_ids": [],
                "subnet_ids": [
                  "subnet-02bf558fe210fe77c",
                  "subnet-0328f13dd2d347ca4",
                  "subnet-0ea4f4663e9c54392"
                ],
                "vpc_id": "vpc-064a7177ea32d8336"
              }
            ],
            "zonal_shift_config": []
          },
          "sensitive_attributes": [],
          "identity_schema_version": 0
        }
      ]
    },
    {
      "mode": "data",
      "type": "aws_eks_cluster_auth",
      "name": "auth",
      "provider": "provider[\"registry.terraform.io/hashicorp/aws\"]",
      "instances": [
        {
          "schema_version": 0,
          "attributes": {
            "id": "eks-tech-challenge-fiap",
            "name": "eks-tech-challenge-fiap",
            "token": "k8s-aws-v1.aHR0cHM6Ly9zdHMudXMtZWFzdC0xLmFtYXpvbmF3cy5jb20vP0FjdGlvbj1HZXRDYWxsZXJJZGVudGl0eSZWZXJzaW9uPTIwMTEtMDYtMTUmWC1BbXotQWxnb3JpdGhtPUFXUzQtSE1BQy1TSEEyNTYmWC1BbXotQ3JlZGVudGlhbD1BU0lBNTVBTUZUN01XUkFBU1I2QiUyRjIwMjUwODI1JTJGdXMtZWFzdC0xJTJGc3RzJTJGYXdzNF9yZXF1ZXN0JlgtQW16LURhdGU9MjAyNTA4MjVUMjI0NzQ3WiZYLUFtei1FeHBpcmVzPTAmWC1BbXotU2VjdXJpdHktVG9rZW49SVFvSmIzSnBaMmx1WDJWakVBNGFDWFZ6TFhkbGMzUXRNaUpJTUVZQ0lRQzdiektTck5sd2ZkSFM0OHFNejVyNGZtbDg1JTJGaWpxUFZ6N2oxYUtkZU1WUUloQU9PVm02bTNQZTkxZm1RVTVZWVJXNExMZE9IV0phZVhBc3QlMkZmNno0VE4zWktxZ0NDR2NRQUJvTU9UVTFOalUxTnpVM056ZzFJZ3dLJTJGbTlueHRtbjg2VGd5YUVxaFFKU1hBYnhTUSUyRndFS1ZqQlZBd0JJQjhQNzM4V3V0UldRVHoyUGl3R2VUWlVEZ0RGc2slMkJtblFhQ1ZxbnZicDUxRWxCaGNRYnZoajg4WmM3VllDd09CQWhDazNlUyUyQktEalBzUkQlMkJkT05TSVlrWnpDc3lORlRPdXk2OHRtd09EbkdrRW1NU204Z0dTVEltMDQlMkJBZHlyZlBVV05MZGJyN2cxTEUwRm5KMWs2Q3M5NEpuME56R3N5TEc3bTU5MG9ubUtORXFuRmdzUkxESyUyQk1wMHlGV2pFUjd3R2hjaWxJZXlXSVRNVks5WUVRMWJiWWN4NE9sUWFZYXpDajdINlpUdzlNQkp0T21SblhSellEZnhxUmJPcW9DZGxiZHNkQmxhJTJCcFJYeGVCak56V2FvNjhWNUZ2UXBQOGJRMHQlMkJKciUyQnJZSWRENWx5Y3k0ejZaaFJHSHloMlBqdVFSSSUyRmtlZzR3aUx1enhRWTZuQUZqdlh5MDVGTllJMllEdks0ZzZONHdZT3ZOa1FJR2JtTjRXTGlZMk5VZHpuN0NCJTJGUWpRNFI4RlNsTWRJVSUyRlZmWE9ucnRQTzQ2RjlxT0NGR0o5d1hCclAyVDVqWGElMkZwRmlTSXVxV3lqREZLNDNwMmlpdXQ3dzRydCUyRjRDdThLb0h2UktMZCUyRlBSVHljWGtHaWozMiUyRlNYdG9TZmV2VEJ6QmZQQ3lvZm5DWnYyS0VhaTZQSWp4VHFJcGdneXA3elRwWTVZNjVxY2Nkdlc4UW5PYjNNJTNEJlgtQW16LVNpZ25lZEhlYWRlcnM9aG9zdCUzQngtazhzLWF3cy1pZCZYLUFtei1TaWduYXR1cmU9NDliMDJkNDQ4YWJkNzBiZTY1YzcwNGViOTI2NzlmYjliZjVlMjkxMGE0MzM0NGQ3YTIwZjJjMmU2MjEwNjU0Ng"
          },
          "sensitive_attributes": [
            [
              {
                "type": "get_attr",
                "value": "token"
              }
            ]
          ],
          "identity_schema_version": 0
        }
      ]
    },
    {
      "mode": "managed",
      "type": "aws_eks_cluster",
      "name": "cluster",
      "provider": "provider[\"registry.terraform.io/hashicorp/aws\"]",
      "instances": [
        {
          "schema_version": 1,
          "attributes": {
            "access_config": [
              {
                "authentication_mode": "API",
                "bootstrap_cluster_creator_admin_permissions": false
              }
            ],
            "arn": "arn:aws:eks:us-east-1:955655757785:cluster/eks-tech-challenge-fiap",
            "bootstrap_self_managed_addons": true,
            "certificate_authority": [
              {
                "data": "LS0tLS1CRUdJTiBDRVJUSUZJQ0FURS0tLS0tCk1JSURCVENDQWUyZ0F3SUJBZ0lJTno4OENGU25YeVl3RFFZSktvWklodmNOQVFFTEJRQXdGVEVUTUJFR0ExVUUKQXhNS2EzVmlaWEp1WlhSbGN6QWVGdzB5TlRBNE1qVXlNalF3TlRGYUZ3MHpOVEE0TWpNeU1qUTFOVEZhTUJVeApFekFSQmdOVkJBTVRDbXQxWW1WeWJtVjBaWE13Z2dFaU1BMEdDU3FHU0liM0RRRUJBUVVBQTRJQkR3QXdnZ0VLCkFvSUJBUUM3T1lNOVRPcDJsTkdCNmc3eWpMTSttY0psVzg4OG5RSkpRSTBUTDV2d29aNGJYM2krbC9LVWd1MWgKOGd5dFVLWWc5UHFoSXJRRDdtc3VPVnRnWERWZnJnVmFMajBaV1NwN3Zpc05XMTg4S0EwVFhRWUZPM2tqUlBvTwpYQ1l1TnptVHUwaU5nK2ZleXg3VGk4d05MNHRkSGd5QWJpVk91bThRcGZsYkhDTGgyV1IwdlZrRDZDYlFYQm4vClhTb3FVL05ZTVRhSnlJanY0UXFzeTZucjhwUi9aZXhVUWhkSGFtRE0wa083NCtTbndNSjgxejQ2QlhYdHl2cUIKRlBHZEI5SWFXaHRJY0o3cXJKUmZ6RXZoaWM4NWFwcHRvWGNhaWU0cmFrN3B6MTY1eFhtSG0zNnhHdkdaUEVxbwpjZ2RaRDlpTVVIcDlUOXQ4dzE1U2hNUHY3RnN4QWdNQkFBR2pXVEJYTUE0R0ExVWREd0VCL3dRRUF3SUNwREFQCkJnTlZIUk1CQWY4RUJUQURBUUgvTUIwR0ExVWREZ1FXQkJRYnZMOTZMRFhMZnl1ZzVCMTZscVQvY3lWUWxUQVYKQmdOVkhSRUVEakFNZ2dwcmRXSmxjbTVsZEdWek1BMEdDU3FHU0liM0RRRUJDd1VBQTRJQkFRQ1A3Z2ZBWmhuawpTUjJ4YjA3NURjRDZBVW5HcUdxRjFzSG10emNESWMrdnltbUFHUjlQaGh2eFdNVVBnQ21zZDFjMERUUnVNNzlJCkZCNG90UTRqN3FKOE9zbG1GMnZncUNKczRFZHQ2RzJQa2dZUjZXV0lkSmtERUJPN2dOSUFCWXJneEpGcG5QUXcKdTBKMnA0bTBTMlp3SHg1RkNPTXg2bG1aK0ZVeFplL0tLd3RWdTFEZlZQNGFZbnpKaDIwZGZMVWZwaFk3cUxjZgplVzg2QThQTjlQU1g3V0ZHazlieHBDb0VCcS9lZURmUkF3OEpPMFpqMWZRQlprVVVmQW9oT2R6RXVtTkJhM2Y4CjVhVG1udUxoR1haZnJLTER0N3psOHY5ZUxkcFNrWTkyVHNpT2FEMVJQSmd4WTZoamR4UTJkSytOeGVWbzNQRzQKajFqSHkxSjI3RVAyCi0tLS0tRU5EIENFUlRJRklDQVRFLS0tLS0K"
              }
            ],
            "cluster_id": null,
            "compute_config": [],
            "created_at": "2025-08-25T22:41:03Z",
            "enabled_cluster_log_types": null,
            "encryption_config": [],
            "endpoint": "https://0B285D11FE60B742B8A8A24E1129EB90.gr7.us-east-1.eks.amazonaws.com",
            "force_update_version": null,
            "id": "eks-tech-challenge-fiap",
            "identity": [
              {
                "oidc": [
                  {
                    "issuer": "https://oidc.eks.us-east-1.amazonaws.com/id/0B285D11FE60B742B8A8A24E1129EB90"
                  }
                ]
              }
            ],
            "kubernetes_network_config": [
              {
                "elastic_load_balancing": [
                  {
                    "enabled": false
                  }
                ],
                "ip_family": "ipv4",
                "service_ipv4_cidr": "10.100.0.0/16",
                "service_ipv6_cidr": ""
              }
            ],
            "name": "eks-tech-challenge-fiap",
            "outpost_config": [],
            "platform_version": "eks.34",
            "remote_network_config": [],
            "role_arn": "arn:aws:iam::955655757785:role/c173096a4485959l11231379t1w955655-LabEksClusterRole-m4qqQlksFcNz",
            "status": "ACTIVE",
            "storage_config": [],
            "tags": null,
            "tags_all": {},
            "timeouts": null,
            "upgrade_policy": [
              {
                "support_type": "EXTENDED"
              }
            ],
            "version": "1.31",
            "vpc_config": [
              {
                "cluster_security_group_id": "sg-027c6a55366a22aa8",
                "endpoint_private_access": false,
                "endpoint_public_access": true,
                "public_access_cidrs": [
                  "0.0.0.0/0"
                ],
                "security_group_ids": null,
                "subnet_ids": [
                  "subnet-02bf558fe210fe77c",
                  "subnet-0328f13dd2d347ca4",
                  "subnet-0ea4f4663e9c54392"
                ],
                "vpc_id": "vpc-064a7177ea32d8336"
              }
            ],
            "zonal_shift_config": []
          },
          "sensitive_attributes": [],
          "identity_schema_version": 0,
          "private": "eyJlMmJmYjczMC1lY2FhLTExZTYtOGY4OC0zNDM2M2JjN2M0YzAiOnsiY3JlYXRlIjoxODAwMDAwMDAwMDAwLCJkZWxldGUiOjkwMDAwMDAwMDAwMCwidXBkYXRlIjozNjAwMDAwMDAwMDAwfSwic2NoZW1hX3ZlcnNpb24iOiIxIn0="
        }
      ]
    },
    {
      "mode": "managed",
      "type": "aws_eks_node_group",
      "name": "node_group",
      "provider": "provider[\"registry.terraform.io/hashicorp/aws\"]",
      "instances": [
        {
          "schema_version": 0,
          "attributes": {
            "ami_type": "AL2023_x86_64_STANDARD",
            "arn": "arn:aws:eks:us-east-1:955655757785:nodegroup/eks-tech-challenge-fiap/nodeg-tech-challenge-fiap/a0cc71b5-4611-5153-ce88-13f1ca7f0c1c",
            "capacity_type": "ON_DEMAND",
            "cluster_name": "eks-tech-challenge-fiap",
            "disk_size": 50,
            "force_update_version": null,
            "id": "eks-tech-challenge-fiap:nodeg-tech-challenge-fiap",
            "instance_types": [
              "t3.medium"
            ],
            "labels": null,
            "launch_template": [],
            "node_group_name": "nodeg-tech-challenge-fiap",
            "node_group_name_prefix": "",
            "node_repair_config": [],
            "node_role_arn": "arn:aws:iam::955655757785:role/c173096a4485959l11231379t1w955655757-LabEksNodeRole-JIDSccCFYxqU",
            "release_version": "1.31.11-20250819",
            "remote_access": [],
            "resources": [
              {
                "autoscaling_groups": [
                  {
                    "name": "eks-nodeg-tech-challenge-fiap-a0cc71b5-4611-5153-ce88-13f1ca7f0c1c"
                  }
                ],
                "remote_access_security_group_id": ""
              }
            ],
            "scaling_config": [
              {
                "desired_size": 2,
                "max_size": 5,
                "min_size": 2
              }
            ],
            "status": "ACTIVE",
            "subnet_ids": [
              "subnet-02bf558fe210fe77c",
              "subnet-0328f13dd2d347ca4",
              "subnet-0ea4f4663e9c54392"
            ],
            "tags": null,
            "tags_all": {},
            "taint": [],
            "timeouts": null,
            "update_config": [
              {
                "max_unavailable": 1,
                "max_unavailable_percentage": 0
              }
            ],
            "version": "1.31"
          },
          "sensitive_attributes": [],
          "identity_schema_version": 0,
          "private": "eyJlMmJmYjczMC1lY2FhLTExZTYtOGY4OC0zNDM2M2JjN2M0YzAiOnsiY3JlYXRlIjozNjAwMDAwMDAwMDAwLCJkZWxldGUiOjM2MDAwMDAwMDAwMDAsInVwZGF0ZSI6MzYwMDAwMDAwMDAwMH19",
          "dependencies": [
            "aws_eks_cluster.cluster"
          ]
        }
      ]
    }
  ],
  "check_results": null
}
