{
  "version": 4,
  "terraform_version": "1.12.2",
  "serial": 216,
  "lineage": "5f7d13d4-bb1b-b815-e6a9-f99c012f2f4a",
  "outputs": {},
  "resources": [
    {
      "mode": "data",
      "type": "aws_eks_cluster",
      "name": "cluster",
      "provider": "provider[\"registry.terraform.io/hashicorp/aws\"]",
      "instances": [
        {
          "schema_version": 0,
          "attributes": {
            "access_config": [
              {
                "authentication_mode": "API",
                "bootstrap_cluster_creator_admin_permissions": true
              }
            ],
            "arn": "arn:aws:eks:us-east-1:955655757785:cluster/eks-tech-challenge-fiap",
            "certificate_authority": [
              {
                "data": "LS0tLS1CRUdJTiBDRVJUSUZJQ0FURS0tLS0tCk1JSURCVENDQWUyZ0F3SUJBZ0lJQjk1TVpLNThEYXd3RFFZSktvWklodmNOQVFFTEJRQXdGVEVUTUJFR0ExVUUKQXhNS2EzVmlaWEp1WlhSbGN6QWVGdzB5TlRBNE1qZ3dNVEF5TkRoYUZ3MHpOVEE0TWpZd01UQTNORGhhTUJVeApFekFSQmdOVkJBTVRDbXQxWW1WeWJtVjBaWE13Z2dFaU1BMEdDU3FHU0liM0RRRUJBUVVBQTRJQkR3QXdnZ0VLCkFvSUJBUUNwbU5DY0IvaG5YdmZBb3ZQT0pCSXEydjhHTElraWIyYW1sSnVPNkdqMlppUytYejZYUk1VeERKamUKb3NISFFZSmxLMzNOb2lIRzhCYU9iaW1hSmxIOFJNa0c2aXJxc3RJaVRVZGtTOHVJb2NLY2w4YldwbzBqK0tOZQo0RUk0L0UwTlhFSE95N2haRkZObDVkU3RpMXU3RVlqekVWaWQ2emRJMkJ1SVR5eG5Wb0Vvcko4a1lFUS9objNyCk1IMXAzdUNMRFZXMzFEd3NJbXoxUk1RWHQraFVENndQbEN0U2RENEtRcytHblFFMllqOUc2TXRtNjNWWWF0Y20KUVRGR0JBZDA1UC85UTlHYkIwSkpaY0JUYjRpZXhGeUZuK3EwK0JSd0JDUnIvdy92aGg4bkl6M3JXSDVMMmlQcApESFlnVnhVaVIvMU1XSmRvNWpoazlNQVo4R1JEQWdNQkFBR2pXVEJYTUE0R0ExVWREd0VCL3dRRUF3SUNwREFQCkJnTlZIUk1CQWY4RUJUQURBUUgvTUIwR0ExVWREZ1FXQkJRaWFmRGltYjloMlRFWk55Y2hUMVVyQjhCSjRqQVYKQmdOVkhSRUVEakFNZ2dwcmRXSmxjbTVsZEdWek1BMEdDU3FHU0liM0RRRUJDd1VBQTRJQkFRQVZQMERTU29tMQpHOGJsLzc2em1uRlo1UDI0M1BJamROSEEwOFVSVnNuM3ZYRUFoa28yMHpsUVhzdjB0a2czWWtjMkd5Vnp5Qk15CktSMmx5eTJJTGUrT09DbzYvamVjYTQzSUVMTW5waEFwbkZuVjRma2tibGlWN0FFbjlUK2VtQTFqV21JYVh3QjEKdHJQak5RTEZuVTJUcFdsNUc1YVNzQTFkY3NRZHBMaklzQWFtMmdXTDlrODM0S2k0dmRUNDk1UnRYRk92UVJuUwpsUGI4d1lXWHhRcERZZm9qVGIrWmZPOE1HVUxPVXU0U0xvUXo5RXh0Z0RzNHl0enJXYjB5MFhsYnhpcHZwU2VTCjZsUCtqWHhCRHgxUXNWV3R2YkdURWpLcWJ3OVpoLzlpMlR0NUhBOW1aTmxKdlQ0YVJvbWlYZm1OK01TT2EwekUKZVo2LzJGQ2xuWVBNCi0tLS0tRU5EIENFUlRJRklDQVRFLS0tLS0K"
              }
            ],
            "cluster_id": null,
            "compute_config": [],
            "created_at": "2025-08-28T01:02:59Z",
            "enabled_cluster_log_types": [],
            "endpoint": "https://1B267D26FAE7B2CD174B757469AA6E48.gr7.us-east-1.eks.amazonaws.com",
            "id": "eks-tech-challenge-fiap",
            "identity": [
              {
                "oidc": [
                  {
                    "issuer": "https://oidc.eks.us-east-1.amazonaws.com/id/1B267D26FAE7B2CD174B757469AA6E48"
                  }
                ]
              }
            ],
            "kubernetes_network_config": [
              {
                "elastic_load_balancing": [
                  {
                    "enabled": false
                  }
                ],
                "ip_family": "ipv4",
                "service_ipv4_cidr": "10.100.0.0/16",
                "service_ipv6_cidr": ""
              }
            ],
            "name": "eks-tech-challenge-fiap",
            "outpost_config": [],
            "platform_version": "eks.34",
            "remote_network_config": [],
            "role_arn": "arn:aws:iam::955655757785:role/c173096a4485959l11231379t1w955655-LabEksClusterRole-m4qqQlksFcNz",
            "status": "ACTIVE",
            "storage_config": [],
            "tags": {},
            "upgrade_policy": [
              {
                "support_type": "EXTENDED"
              }
            ],
            "version": "1.31",
            "vpc_config": [
              {
                "cluster_security_group_id": "sg-0d377bca4a9a5445f",
                "endpoint_private_access": false,
                "endpoint_public_access": true,
                "public_access_cidrs": [
                  "0.0.0.0/0"
                ],
                "security_group_ids": [],
                "subnet_ids": [
                  "subnet-02bf558fe210fe77c",
                  "subnet-0328f13dd2d347ca4",
                  "subnet-0ea4f4663e9c54392"
                ],
                "vpc_id": "vpc-064a7177ea32d8336"
              }
            ],
            "zonal_shift_config": []
          },
          "sensitive_attributes": [],
          "identity_schema_version": 0
        }
      ]
    },
    {
      "mode": "data",
      "type": "aws_eks_cluster_auth",
      "name": "auth",
      "provider": "provider[\"registry.terraform.io/hashicorp/aws\"]",
      "instances": [
        {
          "schema_version": 0,
          "attributes": {
            "id": "eks-tech-challenge-fiap",
            "name": "eks-tech-challenge-fiap",
            "token": "k8s-aws-v1.aHR0cHM6Ly9zdHMudXMtZWFzdC0xLmFtYXpvbmF3cy5jb20vP0FjdGlvbj1HZXRDYWxsZXJJZGVudGl0eSZWZXJzaW9uPTIwMTEtMDYtMTUmWC1BbXotQWxnb3JpdGhtPUFXUzQtSE1BQy1TSEEyNTYmWC1BbXotQ3JlZGVudGlhbD1BU0lBNTVBTUZUN01UVFdNU1BRRCUyRjIwMjUwODI4JTJGdXMtZWFzdC0xJTJGc3RzJTJGYXdzNF9yZXF1ZXN0JlgtQW16LURhdGU9MjAyNTA4MjhUMDExNDM0WiZYLUFtei1FeHBpcmVzPTAmWC1BbXotU2VjdXJpdHktVG9rZW49SVFvSmIzSnBaMmx1WDJWakVEOGFDWFZ6TFhkbGMzUXRNaUpITUVVQ0lRRDRoZHJ3R3paTCUyRiUyRnVvTEdsU3V6c0JCRThtRVB6eDlWJTJCJTJGQVdtZGhXc1RiZ0lnUk4lMkJyb3hFZVlSQzFxV1FOemtKWkk4dUxxYVA4QVNwRWcwZGpzNWNCSklBcXNRSUltUCUyRiUyRiUyRiUyRiUyRiUyRiUyRiUyRiUyRiUyRkFSQUFHZ3c1TlRVMk5UVTNOVGMzT0RVaURKYm9pMUdFQlNtJTJGRDlacGJDcUZBbzdheUVmekpaZFQwR1pkdyUyQnJxaGZmZlczJTJGRXdOMGtkS0NkdTJ5QUJNOEhudVJTejh6dUw5R1BEN0VCUURIek1mRiUyQm5pWXBVQkpLQTk3N2V5bEdXVXFxbTdNc3d6RWIlMkJLaHZxSXhaTXZUbjhLVUxudXBPd3lJRjN0MTV4SEZoMTdhdlk2eU9xMGExd2pZTE5jRFVnT28xdG0lMkZwYVkwSHZNQ2EyUFZmTVRoZXRTamVKNGx0UndwaHdFbFNiSnBwaUNYOWdKeTZQSTYlMkZKbkRoWTRyTW1LJTJCZVNYVzdTbERSNSUyQkwxdkp1YjJXQ0F1eWg0U2EyYnNCeHNwNjRaakFGQ3pqdkRFQnpDVUI4VDhHdXJzZzhnZ0IyVG1ybVNuazVuT0hTciUyRlBBc3dNaXBRaGRjbUxuekVIRmluMjJJTDBFdjhIZXlwQ2pVbjdMcE9za0tsJTJGSTZLTlY1cDB6SElqQ0xqNzdGQmpxZEFhWlY5QWdQbVdlblU1ZDA2ODdWZlUyeUZycVBjWlNqRUZzaTg0MHlqRmg1MGhKdSUyRkswSEElMkJ4SjRoaG43WDJjdHdkVVJOTnlFU1hqZE1CNjZ6VU93bTNOYlRmVExVRlE5aVNNViUyRkNnVmVWTEglMkZhSXF5aDY5UTR0JTJGUnBmJTJGQmNZRHRjS3l3QjRiYnBLVlpNUHpuQmNzayUyQiUyQngybmo2aVFFajdJYVU1Q3RwS2p6YmIwMmdaRTJmY1ZxayUyRnpzVyUyQjdLJTJGemRJWm82TFFLSFA2cUlOUnJVJTNEJlgtQW16LVNpZ25lZEhlYWRlcnM9aG9zdCUzQngtazhzLWF3cy1pZCZYLUFtei1TaWduYXR1cmU9MzcyOTZlYWNjNDk1NjgyNDFjNzhjOTA1MjJhYjE1OWUxZjE0ZGE3MGY3MGQzOGRlNDE5MDdjZTY3YjMzMjkzMA"
          },
          "sensitive_attributes": [
            [
              {
                "type": "get_attr",
                "value": "token"
              }
            ]
          ],
          "identity_schema_version": 0
        }
      ]
    },
    {
      "mode": "managed",
      "type": "aws_eks_access_entry",
      "name": "access_entry",
      "provider": "provider[\"registry.terraform.io/hashicorp/aws\"]",
      "instances": [
        {
          "schema_version": 0,
          "attributes": {
            "access_entry_arn": "arn:aws:eks:us-east-1:955655757785:access-entry/eks-tech-challenge-fiap/role/955655757785/voclabs/42cc771e-8509-38d2-6217-bf95be313904",
            "cluster_name": "eks-tech-challenge-fiap",
            "created_at": "2025-08-28T01:13:54Z",
            "id": "eks-tech-challenge-fiap:arn:aws:iam::955655757785:role/voclabs",
            "kubernetes_groups": [
              "grupo-1"
            ],
            "modified_at": "2025-08-28T01:13:54Z",
            "principal_arn": "arn:aws:iam::955655757785:role/voclabs",
            "tags": {},
            "tags_all": {},
            "timeouts": null,
            "type": "STANDARD",
            "user_name": "arn:aws:sts::955655757785:assumed-role/voclabs/{{SessionName}}"
          },
          "sensitive_attributes": [],
          "identity_schema_version": 0,
          "private": "eyJlMmJmYjczMC1lY2FhLTExZTYtOGY4OC0zNDM2M2JjN2M0YzAiOnsiY3JlYXRlIjo2MDAwMDAwMDAwMDAsImRlbGV0ZSI6NjAwMDAwMDAwMDAwfX0=",
          "dependencies": [
            "aws_eks_cluster.cluster"
          ]
        }
      ]
    },
    {
      "mode": "managed",
      "type": "aws_eks_access_policy_association",
      "name": "access_entry_association",
      "provider": "provider[\"registry.terraform.io/hashicorp/aws\"]",
      "instances": [
        {
          "schema_version": 0,
          "attributes": {
            "access_scope": [
              {
                "namespaces": [],
                "type": "cluster"
              }
            ],
            "associated_at": "2025-08-28 01:13:54.627 +0000 UTC",
            "cluster_name": "eks-tech-challenge-fiap",
            "id": "eks-tech-challenge-fiap#arn:aws:iam::955655757785:role/voclabs#arn:aws:eks::aws:cluster-access-policy/AmazonEKSClusterAdminPolicy",
            "modified_at": "2025-08-28 01:13:54.627 +0000 UTC",
            "policy_arn": "arn:aws:eks::aws:cluster-access-policy/AmazonEKSClusterAdminPolicy",
            "principal_arn": "arn:aws:iam::955655757785:role/voclabs",
            "timeouts": null
          },
          "sensitive_attributes": [],
          "identity_schema_version": 0,
          "private": "eyJlMmJmYjczMC1lY2FhLTExZTYtOGY4OC0zNDM2M2JjN2M0YzAiOnsiY3JlYXRlIjo2MDAwMDAwMDAwMDAsImRlbGV0ZSI6NjAwMDAwMDAwMDAwfX0=",
          "dependencies": [
            "aws_eks_cluster.cluster"
          ]
        }
      ]
    },
    {
      "mode": "managed",
      "type": "aws_eks_cluster",
      "name": "cluster",
      "provider": "provider[\"registry.terraform.io/hashicorp/aws\"]",
      "instances": [
        {
          "schema_version": 1,
          "attributes": {
            "access_config": [
              {
                "authentication_mode": "API",
                "bootstrap_cluster_creator_admin_permissions": false
              }
            ],
            "arn": "arn:aws:eks:us-east-1:955655757785:cluster/eks-tech-challenge-fiap",
            "bootstrap_self_managed_addons": true,
            "certificate_authority": [
              {
                "data": "LS0tLS1CRUdJTiBDRVJUSUZJQ0FURS0tLS0tCk1JSURCVENDQWUyZ0F3SUJBZ0lJQjk1TVpLNThEYXd3RFFZSktvWklodmNOQVFFTEJRQXdGVEVUTUJFR0ExVUUKQXhNS2EzVmlaWEp1WlhSbGN6QWVGdzB5TlRBNE1qZ3dNVEF5TkRoYUZ3MHpOVEE0TWpZd01UQTNORGhhTUJVeApFekFSQmdOVkJBTVRDbXQxWW1WeWJtVjBaWE13Z2dFaU1BMEdDU3FHU0liM0RRRUJBUVVBQTRJQkR3QXdnZ0VLCkFvSUJBUUNwbU5DY0IvaG5YdmZBb3ZQT0pCSXEydjhHTElraWIyYW1sSnVPNkdqMlppUytYejZYUk1VeERKamUKb3NISFFZSmxLMzNOb2lIRzhCYU9iaW1hSmxIOFJNa0c2aXJxc3RJaVRVZGtTOHVJb2NLY2w4YldwbzBqK0tOZQo0RUk0L0UwTlhFSE95N2haRkZObDVkU3RpMXU3RVlqekVWaWQ2emRJMkJ1SVR5eG5Wb0Vvcko4a1lFUS9objNyCk1IMXAzdUNMRFZXMzFEd3NJbXoxUk1RWHQraFVENndQbEN0U2RENEtRcytHblFFMllqOUc2TXRtNjNWWWF0Y20KUVRGR0JBZDA1UC85UTlHYkIwSkpaY0JUYjRpZXhGeUZuK3EwK0JSd0JDUnIvdy92aGg4bkl6M3JXSDVMMmlQcApESFlnVnhVaVIvMU1XSmRvNWpoazlNQVo4R1JEQWdNQkFBR2pXVEJYTUE0R0ExVWREd0VCL3dRRUF3SUNwREFQCkJnTlZIUk1CQWY4RUJUQURBUUgvTUIwR0ExVWREZ1FXQkJRaWFmRGltYjloMlRFWk55Y2hUMVVyQjhCSjRqQVYKQmdOVkhSRUVEakFNZ2dwcmRXSmxjbTVsZEdWek1BMEdDU3FHU0liM0RRRUJDd1VBQTRJQkFRQVZQMERTU29tMQpHOGJsLzc2em1uRlo1UDI0M1BJamROSEEwOFVSVnNuM3ZYRUFoa28yMHpsUVhzdjB0a2czWWtjMkd5Vnp5Qk15CktSMmx5eTJJTGUrT09DbzYvamVjYTQzSUVMTW5waEFwbkZuVjRma2tibGlWN0FFbjlUK2VtQTFqV21JYVh3QjEKdHJQak5RTEZuVTJUcFdsNUc1YVNzQTFkY3NRZHBMaklzQWFtMmdXTDlrODM0S2k0dmRUNDk1UnRYRk92UVJuUwpsUGI4d1lXWHhRcERZZm9qVGIrWmZPOE1HVUxPVXU0U0xvUXo5RXh0Z0RzNHl0enJXYjB5MFhsYnhpcHZwU2VTCjZsUCtqWHhCRHgxUXNWV3R2YkdURWpLcWJ3OVpoLzlpMlR0NUhBOW1aTmxKdlQ0YVJvbWlYZm1OK01TT2EwekUKZVo2LzJGQ2xuWVBNCi0tLS0tRU5EIENFUlRJRklDQVRFLS0tLS0K"
              }
            ],
            "cluster_id": null,
            "compute_config": [],
            "created_at": "2025-08-28T01:02:59Z",
            "enabled_cluster_log_types": [],
            "encryption_config": [],
            "endpoint": "https://1B267D26FAE7B2CD174B757469AA6E48.gr7.us-east-1.eks.amazonaws.com",
            "force_update_version": null,
            "id": "eks-tech-challenge-fiap",
            "identity": [
              {
                "oidc": [
                  {
                    "issuer": "https://oidc.eks.us-east-1.amazonaws.com/id/1B267D26FAE7B2CD174B757469AA6E48"
                  }
                ]
              }
            ],
            "kubernetes_network_config": [
              {
                "elastic_load_balancing": [
                  {
                    "enabled": false
                  }
                ],
                "ip_family": "ipv4",
                "service_ipv4_cidr": "10.100.0.0/16",
                "service_ipv6_cidr": ""
              }
            ],
            "name": "eks-tech-challenge-fiap",
            "outpost_config": [],
            "platform_version": "eks.34",
            "remote_network_config": [],
            "role_arn": "arn:aws:iam::955655757785:role/c173096a4485959l11231379t1w955655-LabEksClusterRole-m4qqQlksFcNz",
            "status": "ACTIVE",
            "storage_config": [],
            "tags": {},
            "tags_all": {},
            "timeouts": null,
            "upgrade_policy": [
              {
                "support_type": "EXTENDED"
              }
            ],
            "version": "1.31",
            "vpc_config": [
              {
                "cluster_security_group_id": "sg-0d377bca4a9a5445f",
                "endpoint_private_access": false,
                "endpoint_public_access": true,
                "public_access_cidrs": [
                  "0.0.0.0/0"
                ],
                "security_group_ids": [],
                "subnet_ids": [
                  "subnet-02bf558fe210fe77c",
                  "subnet-0328f13dd2d347ca4",
                  "subnet-0ea4f4663e9c54392"
                ],
                "vpc_id": "vpc-064a7177ea32d8336"
              }
            ],
            "zonal_shift_config": []
          },
          "sensitive_attributes": [],
          "identity_schema_version": 0,
          "private": "eyJlMmJmYjczMC1lY2FhLTExZTYtOGY4OC0zNDM2M2JjN2M0YzAiOnsiY3JlYXRlIjoxODAwMDAwMDAwMDAwLCJkZWxldGUiOjkwMDAwMDAwMDAwMCwidXBkYXRlIjozNjAwMDAwMDAwMDAwfSwic2NoZW1hX3ZlcnNpb24iOiIxIn0="
        }
      ]
    },
    {
      "mode": "managed",
      "type": "aws_eks_node_group",
      "name": "node_group",
      "provider": "provider[\"registry.terraform.io/hashicorp/aws\"]",
      "instances": [
        {
          "schema_version": 0,
          "attributes": {
            "ami_type": "AL2023_x86_64_STANDARD",
            "arn": "arn:aws:eks:us-east-1:955655757785:nodegroup/eks-tech-challenge-fiap/nodeg-tech-challenge-fiap/70cc771e-e1e3-345d-229f-197e2837c6c3",
            "capacity_type": "ON_DEMAND",
            "cluster_name": "eks-tech-challenge-fiap",
            "disk_size": 50,
            "force_update_version": null,
            "id": "eks-tech-challenge-fiap:nodeg-tech-challenge-fiap",
            "instance_types": [
              "t3.medium"
            ],
            "labels": null,
            "launch_template": [],
            "node_group_name": "nodeg-tech-challenge-fiap",
            "node_group_name_prefix": "",
            "node_repair_config": [],
            "node_role_arn": "arn:aws:iam::955655757785:role/c173096a4485959l11231379t1w955655757-LabEksNodeRole-JIDSccCFYxqU",
            "release_version": "1.31.11-20250821",
            "remote_access": [],
            "resources": [
              {
                "autoscaling_groups": [
                  {
                    "name": "eks-nodeg-tech-challenge-fiap-70cc771e-e1e3-345d-229f-197e2837c6c3"
                  }
                ],
                "remote_access_security_group_id": ""
              }
            ],
            "scaling_config": [
              {
                "desired_size": 2,
                "max_size": 5,
                "min_size": 2
              }
            ],
            "status": "ACTIVE",
            "subnet_ids": [
              "subnet-02bf558fe210fe77c",
              "subnet-0328f13dd2d347ca4",
              "subnet-0ea4f4663e9c54392"
            ],
            "tags": null,
            "tags_all": {},
            "taint": [],
            "timeouts": null,
            "update_config": [
              {
                "max_unavailable": 1,
                "max_unavailable_percentage": 0
              }
            ],
            "version": "1.31"
          },
          "sensitive_attributes": [],
          "identity_schema_version": 0,
          "private": "eyJlMmJmYjczMC1lY2FhLTExZTYtOGY4OC0zNDM2M2JjN2M0YzAiOnsiY3JlYXRlIjozNjAwMDAwMDAwMDAwLCJkZWxldGUiOjM2MDAwMDAwMDAwMDAsInVwZGF0ZSI6MzYwMDAwMDAwMDAwMH19",
          "dependencies": [
            "aws_eks_cluster.cluster"
          ]
        }
      ]
    },
    {
      "mode": "managed",
      "type": "kubectl_manifest",
      "name": "configmap",
      "provider": "provider[\"registry.terraform.io/gavinbunney/kubectl\"]",
      "instances": [
        {
          "schema_version": 1,
          "attributes": {
            "api_version": "v1",
            "apply_only": false,
            "force_conflicts": false,
            "force_new": false,
            "id": "/api/v1/namespaces/default/configmaps/app-config",
            "ignore_fields": null,
            "kind": "ConfigMap",
            "live_manifest_incluster": "de1f92ae8998982ee1125b051bdff16b896fef31356a854ca00c409ea61c3ef1",
            "live_uid": "8f74651d-7ee6-412e-9a23-8fcb0ba42a81",
            "name": "app-config",
            "namespace": null,
            "override_namespace": null,
            "sensitive_fields": null,
            "server_side_apply": false,
            "timeouts": null,
            "uid": "8f74651d-7ee6-412e-9a23-8fcb0ba42a81",
            "validate_schema": true,
            "wait": null,
            "wait_for_rollout": true,
            "yaml_body": "apiVersion: v1\nkind: ConfigMap\nmetadata:\n  name: app-config\ndata:\n  SPRING_DATA_MONGODB_HOST: mongodb\n  SPRING_DATA_MONGODB_PORT: \"27017\"\n  SPRING_DATA_MONGODB_DATABASE: tech-chall\n",
            "yaml_body_parsed": "apiVersion: v1\ndata:\n  SPRING_DATA_MONGODB_DATABASE: tech-chall\n  SPRING_DATA_MONGODB_HOST: mongodb\n  SPRING_DATA_MONGODB_PORT: \"27017\"\nkind: ConfigMap\nmetadata:\n  name: app-config\n",
            "yaml_incluster": "de1f92ae8998982ee1125b051bdff16b896fef31356a854ca00c409ea61c3ef1"
          },
          "sensitive_attributes": [
            [
              {
                "type": "get_attr",
                "value": "live_manifest_incluster"
              }
            ],
            [
              {
                "type": "get_attr",
                "value": "yaml_body"
              }
            ],
            [
              {
                "type": "get_attr",
                "value": "yaml_incluster"
              }
            ]
          ],
          "identity_schema_version": 0,
          "private": "eyJlMmJmYjczMC1lY2FhLTExZTYtOGY4OC0zNDM2M2JjN2M0YzAiOnsiY3JlYXRlIjo2MDAwMDAwMDAwMDB9LCJzY2hlbWFfdmVyc2lvbiI6IjEifQ==",
          "dependencies": [
            "aws_eks_cluster.cluster",
            "aws_eks_node_group.node_group",
            "data.aws_eks_cluster.cluster",
            "data.aws_eks_cluster_auth.auth"
          ]
        }
      ]
    },
    {
      "mode": "managed",
      "type": "kubectl_manifest",
      "name": "deploy",
      "provider": "provider[\"registry.terraform.io/gavinbunney/kubectl\"]",
      "instances": [
        {
          "schema_version": 1,
          "attributes": {
            "api_version": "apps/v1",
            "apply_only": false,
            "force_conflicts": false,
            "force_new": false,
            "id": "/apis/apps/v1/namespaces/default/deployments/tech-chall-app",
            "ignore_fields": null,
            "kind": "Deployment",
            "live_manifest_incluster": "0f8b4146778304cd447732403506db71ac2bdf09d8510d2b32dcd67b5bed39d3",
            "live_uid": "4d31a12d-86fa-48d6-8c3e-e8b37f6223e4",
            "name": "tech-chall-app",
            "namespace": null,
            "override_namespace": null,
            "sensitive_fields": null,
            "server_side_apply": false,
            "timeouts": null,
            "uid": "4d31a12d-86fa-48d6-8c3e-e8b37f6223e4",
            "validate_schema": true,
            "wait": null,
            "wait_for_rollout": true,
            "yaml_body": "apiVersion: apps/v1\nkind: Deployment\nmetadata:\n  name: tech-chall-app\nspec:\n  replicas: 1\n  selector:\n    matchLabels:\n      app: tech-chall-app\n  template:\n    metadata:\n      labels:\n        app: tech-chall-app\n    spec:\n      containers:\n        - name: tech-chall-container\n          image: gabitriferreira/tech-challenge-app:latest\n          imagePullPolicy: Always\n          ports:\n            - containerPort: 8080\n          env:\n            - name: SPRING_DATA_MONGODB_HOST\n              valueFrom:\n                configMapKeyRef:\n                  name: app-config\n                  key: SPRING_DATA_MONGODB_HOST\n            - name: SPRING_DATA_MONGODB_PORT\n              valueFrom:\n                configMapKeyRef:\n                  name: app-config\n                  key: SPRING_DATA_MONGODB_PORT\n            - name: SPRING_DATA_MONGODB_DATABASE\n              valueFrom:\n                configMapKeyRef:\n                  name: app-config\n                  key: SPRING_DATA_MONGODB_DATABASE\n            - name: SPRING_DATA_MONGODB_USERNAME\n              valueFrom:\n                secretKeyRef:\n                  name: app-secrets\n                  key: SPRING_DATA_MONGODB_USERNAME\n            - name: SPRING_DATA_MONGODB_PASSWORD\n              valueFrom:\n                secretKeyRef:\n                  name: app-secrets\n                  key: SPRING_DATA_MONGODB_PASSWORD\n          resources:\n            requests:\n              cpu: \"500m\"\n              memory: \"512Mi\"\n            limits:\n              cpu: \"1\"\n              memory: \"1Gi\"\n",
            "yaml_body_parsed": "apiVersion: apps/v1\nkind: Deployment\nmetadata:\n  name: tech-chall-app\nspec:\n  replicas: 1\n  selector:\n    matchLabels:\n      app: tech-chall-app\n  template:\n    metadata:\n      labels:\n        app: tech-chall-app\n    spec:\n      containers:\n      - env:\n        - name: SPRING_DATA_MONGODB_HOST\n          valueFrom:\n            configMapKeyRef:\n              key: SPRING_DATA_MONGODB_HOST\n              name: app-config\n        - name: SPRING_DATA_MONGODB_PORT\n          valueFrom:\n            configMapKeyRef:\n              key: SPRING_DATA_MONGODB_PORT\n              name: app-config\n        - name: SPRING_DATA_MONGODB_DATABASE\n          valueFrom:\n            configMapKeyRef:\n              key: SPRING_DATA_MONGODB_DATABASE\n              name: app-config\n        - name: SPRING_DATA_MONGODB_USERNAME\n          valueFrom:\n            secretKeyRef:\n              key: SPRING_DATA_MONGODB_USERNAME\n              name: app-secrets\n        - name: SPRING_DATA_MONGODB_PASSWORD\n          valueFrom:\n            secretKeyRef:\n              key: SPRING_DATA_MONGODB_PASSWORD\n              name: app-secrets\n        image: gabitriferreira/tech-challenge-app:latest\n        imagePullPolicy: Always\n        name: tech-chall-container\n        ports:\n        - containerPort: 8080\n        resources:\n          limits:\n            cpu: \"1\"\n            memory: 1Gi\n          requests:\n            cpu: 500m\n            memory: 512Mi\n",
            "yaml_incluster": "0f8b4146778304cd447732403506db71ac2bdf09d8510d2b32dcd67b5bed39d3"
          },
          "sensitive_attributes": [
            [
              {
                "type": "get_attr",
                "value": "live_manifest_incluster"
              }
            ],
            [
              {
                "type": "get_attr",
                "value": "yaml_body"
              }
            ],
            [
              {
                "type": "get_attr",
                "value": "yaml_incluster"
              }
            ]
          ],
          "identity_schema_version": 0,
          "private": "eyJlMmJmYjczMC1lY2FhLTExZTYtOGY4OC0zNDM2M2JjN2M0YzAiOnsiY3JlYXRlIjo2MDAwMDAwMDAwMDB9LCJzY2hlbWFfdmVyc2lvbiI6IjEifQ==",
          "dependencies": [
            "aws_eks_cluster.cluster",
            "aws_eks_node_group.node_group",
            "data.aws_eks_cluster.cluster",
            "data.aws_eks_cluster_auth.auth"
          ]
        }
      ]
    },
    {
      "mode": "managed",
      "type": "kubectl_manifest",
      "name": "hpa",
      "provider": "provider[\"registry.terraform.io/gavinbunney/kubectl\"]",
      "instances": [
        {
          "schema_version": 1,
          "attributes": {
            "api_version": "autoscaling/v2",
            "apply_only": false,
            "force_conflicts": false,
            "force_new": false,
            "id": "/apis/autoscaling/v2/namespaces/default/horizontalpodautoscalers/tech-chall-hpa",
            "ignore_fields": null,
            "kind": "HorizontalPodAutoscaler",
            "live_manifest_incluster": "a7a4fb50bea65c15887895d55f58e813705e91a9c3bc046ea9f3a5b63c0243f5",
            "live_uid": "130b06d9-f687-44b6-b851-ce3cf761b144",
            "name": "tech-chall-hpa",
            "namespace": null,
            "override_namespace": null,
            "sensitive_fields": null,
            "server_side_apply": false,
            "timeouts": null,
            "uid": "130b06d9-f687-44b6-b851-ce3cf761b144",
            "validate_schema": true,
            "wait": null,
            "wait_for_rollout": true,
            "yaml_body": "apiVersion: autoscaling/v2\nkind: HorizontalPodAutoscaler\nmetadata:\n  name: tech-chall-hpa\nspec:\n  scaleTargetRef:\n    apiVersion: apps/v1\n    kind: Deployment\n    name: tech-chall-app\n  minReplicas: 1\n  maxReplicas: 5\n  metrics:\n    - type: Resource\n      resource:\n        name: cpu\n        target:\n          type: Utilization\n          averageUtilization: 10\n",
            "yaml_body_parsed": "apiVersion: autoscaling/v2\nkind: HorizontalPodAutoscaler\nmetadata:\n  name: tech-chall-hpa\nspec:\n  maxReplicas: 5\n  metrics:\n  - resource:\n      name: cpu\n      target:\n        averageUtilization: 10\n        type: Utilization\n    type: Resource\n  minReplicas: 1\n  scaleTargetRef:\n    apiVersion: apps/v1\n    kind: Deployment\n    name: tech-chall-app\n",
            "yaml_incluster": "a7a4fb50bea65c15887895d55f58e813705e91a9c3bc046ea9f3a5b63c0243f5"
          },
          "sensitive_attributes": [
            [
              {
                "type": "get_attr",
                "value": "live_manifest_incluster"
              }
            ],
            [
              {
                "type": "get_attr",
                "value": "yaml_body"
              }
            ],
            [
              {
                "type": "get_attr",
                "value": "yaml_incluster"
              }
            ]
          ],
          "identity_schema_version": 0,
          "private": "eyJlMmJmYjczMC1lY2FhLTExZTYtOGY4OC0zNDM2M2JjN2M0YzAiOnsiY3JlYXRlIjo2MDAwMDAwMDAwMDB9LCJzY2hlbWFfdmVyc2lvbiI6IjEifQ==",
          "dependencies": [
            "aws_eks_cluster.cluster",
            "aws_eks_node_group.node_group",
            "data.aws_eks_cluster.cluster",
            "data.aws_eks_cluster_auth.auth"
          ]
        }
      ]
    },
    {
      "mode": "managed",
      "type": "kubectl_manifest",
      "name": "mongo-deploy",
      "provider": "provider[\"registry.terraform.io/gavinbunney/kubectl\"]",
      "instances": [
        {
          "schema_version": 1,
          "attributes": {
            "api_version": "apps/v1",
            "apply_only": false,
            "force_conflicts": false,
            "force_new": false,
            "id": "/apis/apps/v1/namespaces/default/deployments/mongodb",
            "ignore_fields": null,
            "kind": "Deployment",
            "live_manifest_incluster": "efd023b4600660cac22e5f3bbee97aeb4e875893626bb20f9120ce0d1881f91e",
            "live_uid": "1988e516-6297-4271-b240-9fb81ed5ba84",
            "name": "mongodb",
            "namespace": null,
            "override_namespace": null,
            "sensitive_fields": null,
            "server_side_apply": false,
            "timeouts": null,
            "uid": "1988e516-6297-4271-b240-9fb81ed5ba84",
            "validate_schema": true,
            "wait": null,
            "wait_for_rollout": true,
            "yaml_body": "apiVersion: apps/v1\nkind: Deployment\nmetadata:\n  name: mongodb\nspec:\n  replicas: 1\n  selector:\n    matchLabels:\n      app: mongodb\n  template:\n    metadata:\n      labels:\n        app: mongodb\n    spec:\n      containers:\n        - name: mongodb\n          image: mongo:7.0\n          ports:\n            - containerPort: 27017\n          env:\n            - name: MONGO_INITDB_DATABASE\n              valueFrom:\n                configMapKeyRef:\n                  name: app-config\n                  key: SPRING_DATA_MONGODB_DATABASE\n            - name: MONGO_INITDB_ROOT_USERNAME\n              valueFrom:\n                secretKeyRef:\n                  name: app-secrets\n                  key: SPRING_DATA_MONGODB_USERNAME\n            - name: MONGO_INITDB_ROOT_PASSWORD\n              valueFrom:\n                secretKeyRef:\n                  name: app-secrets\n                  key: SPRING_DATA_MONGODB_PASSWORD\n",
            "yaml_body_parsed": "apiVersion: apps/v1\nkind: Deployment\nmetadata:\n  name: mongodb\nspec:\n  replicas: 1\n  selector:\n    matchLabels:\n      app: mongodb\n  template:\n    metadata:\n      labels:\n        app: mongodb\n    spec:\n      containers:\n      - env:\n        - name: MONGO_INITDB_DATABASE\n          valueFrom:\n            configMapKeyRef:\n              key: SPRING_DATA_MONGODB_DATABASE\n              name: app-config\n        - name: MONGO_INITDB_ROOT_USERNAME\n          valueFrom:\n            secretKeyRef:\n              key: SPRING_DATA_MONGODB_USERNAME\n              name: app-secrets\n        - name: MONGO_INITDB_ROOT_PASSWORD\n          valueFrom:\n            secretKeyRef:\n              key: SPRING_DATA_MONGODB_PASSWORD\n              name: app-secrets\n        image: mongo:7.0\n        name: mongodb\n        ports:\n        - containerPort: 27017\n",
            "yaml_incluster": "efd023b4600660cac22e5f3bbee97aeb4e875893626bb20f9120ce0d1881f91e"
          },
          "sensitive_attributes": [
            [
              {
                "type": "get_attr",
                "value": "live_manifest_incluster"
              }
            ],
            [
              {
                "type": "get_attr",
                "value": "yaml_body"
              }
            ],
            [
              {
                "type": "get_attr",
                "value": "yaml_incluster"
              }
            ]
          ],
          "identity_schema_version": 0,
          "private": "eyJlMmJmYjczMC1lY2FhLTExZTYtOGY4OC0zNDM2M2JjN2M0YzAiOnsiY3JlYXRlIjo2MDAwMDAwMDAwMDB9LCJzY2hlbWFfdmVyc2lvbiI6IjEifQ==",
          "dependencies": [
            "aws_eks_cluster.cluster",
            "aws_eks_node_group.node_group",
            "data.aws_eks_cluster.cluster",
            "data.aws_eks_cluster_auth.auth"
          ]
        }
      ]
    },
    {
      "mode": "managed",
      "type": "kubectl_manifest",
      "name": "mongo-service",
      "provider": "provider[\"registry.terraform.io/gavinbunney/kubectl\"]",
      "instances": [
        {
          "schema_version": 1,
          "attributes": {
            "api_version": "v1",
            "apply_only": false,
            "force_conflicts": false,
            "force_new": false,
            "id": "/api/v1/namespaces/default/services/mongodb",
            "ignore_fields": null,
            "kind": "Service",
            "live_manifest_incluster": "a3b35126b65f2bb3a9c092c5c2b733dc386cd4ee465c672e54abe0ba4191ea59",
            "live_uid": "c9e4685a-6ce6-46b4-9589-8544bcc33373",
            "name": "mongodb",
            "namespace": null,
            "override_namespace": null,
            "sensitive_fields": null,
            "server_side_apply": false,
            "timeouts": null,
            "uid": "c9e4685a-6ce6-46b4-9589-8544bcc33373",
            "validate_schema": true,
            "wait": null,
            "wait_for_rollout": true,
            "yaml_body": "apiVersion: v1\nkind: Service\nmetadata:\n  name: mongodb\nspec:\n  selector:\n    app: mongodb\n  ports:\n    - port: 27017\n      targetPort: 27017\n",
            "yaml_body_parsed": "apiVersion: v1\nkind: Service\nmetadata:\n  name: mongodb\nspec:\n  ports:\n  - port: 27017\n    targetPort: 27017\n  selector:\n    app: mongodb\n",
            "yaml_incluster": "a3b35126b65f2bb3a9c092c5c2b733dc386cd4ee465c672e54abe0ba4191ea59"
          },
          "sensitive_attributes": [
            [
              {
                "type": "get_attr",
                "value": "live_manifest_incluster"
              }
            ],
            [
              {
                "type": "get_attr",
                "value": "yaml_body"
              }
            ],
            [
              {
                "type": "get_attr",
                "value": "yaml_incluster"
              }
            ]
          ],
          "identity_schema_version": 0,
          "private": "eyJlMmJmYjczMC1lY2FhLTExZTYtOGY4OC0zNDM2M2JjN2M0YzAiOnsiY3JlYXRlIjo2MDAwMDAwMDAwMDB9LCJzY2hlbWFfdmVyc2lvbiI6IjEifQ==",
          "dependencies": [
            "aws_eks_cluster.cluster",
            "aws_eks_node_group.node_group",
            "data.aws_eks_cluster.cluster",
            "data.aws_eks_cluster_auth.auth"
          ]
        }
      ]
    },
    {
      "mode": "managed",
      "type": "kubectl_manifest",
      "name": "secret",
      "provider": "provider[\"registry.terraform.io/gavinbunney/kubectl\"]",
      "instances": [
        {
          "schema_version": 1,
          "attributes": {
            "api_version": "v1",
            "apply_only": false,
            "force_conflicts": false,
            "force_new": false,
            "id": "/api/v1/namespaces/default/secrets/app-secrets",
            "ignore_fields": null,
            "kind": "Secret",
            "live_manifest_incluster": "5eb43f970bdac9294267cc4afc8dc6f71a11b087d275c300a1807987a93e1fb7",
            "live_uid": "84d3b096-0edc-4e7f-9085-bd0ac5c81f27",
            "name": "app-secrets",
            "namespace": null,
            "override_namespace": null,
            "sensitive_fields": null,
            "server_side_apply": false,
            "timeouts": null,
            "uid": "84d3b096-0edc-4e7f-9085-bd0ac5c81f27",
            "validate_schema": true,
            "wait": null,
            "wait_for_rollout": true,
            "yaml_body": "apiVersion: v1\nkind: Secret\nmetadata:\n  name: app-secrets\ntype: Opaque\nstringData:\n  SPRING_DATA_MONGODB_USERNAME: admin\n  SPRING_DATA_MONGODB_PASSWORD: password\n",
            "yaml_body_parsed": "apiVersion: v1\nkind: Secret\nmetadata:\n  name: app-secrets\nstringData:\n  SPRING_DATA_MONGODB_PASSWORD: password\n  SPRING_DATA_MONGODB_USERNAME: admin\ntype: Opaque\n",
            "yaml_incluster": "5eb43f970bdac9294267cc4afc8dc6f71a11b087d275c300a1807987a93e1fb7"
          },
          "sensitive_attributes": [
            [
              {
                "type": "get_attr",
                "value": "live_manifest_incluster"
              }
            ],
            [
              {
                "type": "get_attr",
                "value": "yaml_body"
              }
            ],
            [
              {
                "type": "get_attr",
                "value": "yaml_incluster"
              }
            ]
          ],
          "identity_schema_version": 0,
          "private": "eyJlMmJmYjczMC1lY2FhLTExZTYtOGY4OC0zNDM2M2JjN2M0YzAiOnsiY3JlYXRlIjo2MDAwMDAwMDAwMDB9LCJzY2hlbWFfdmVyc2lvbiI6IjEifQ==",
          "dependencies": [
            "aws_eks_cluster.cluster",
            "aws_eks_node_group.node_group",
            "data.aws_eks_cluster.cluster",
            "data.aws_eks_cluster_auth.auth"
          ]
        }
      ]
    },
    {
      "mode": "managed",
      "type": "kubectl_manifest",
      "name": "service",
      "provider": "provider[\"registry.terraform.io/gavinbunney/kubectl\"]",
      "instances": [
        {
          "schema_version": 1,
          "attributes": {
            "api_version": "v1",
            "apply_only": false,
            "force_conflicts": false,
            "force_new": false,
            "id": "/api/v1/namespaces/default/services/tech-chall-service",
            "ignore_fields": null,
            "kind": "Service",
            "live_manifest_incluster": "832c6cccfec9cb6998b4757fb5a62a43c17d3bad8fd2dd57a0e401b9d4e37f0e",
            "live_uid": "3a11fa2a-db12-4c16-a979-cd6dc359a0cd",
            "name": "tech-chall-service",
            "namespace": null,
            "override_namespace": null,
            "sensitive_fields": null,
            "server_side_apply": false,
            "timeouts": null,
            "uid": "3a11fa2a-db12-4c16-a979-cd6dc359a0cd",
            "validate_schema": true,
            "wait": null,
            "wait_for_rollout": true,
            "yaml_body": "apiVersion: v1\nkind: Service\nmetadata:\n  name: tech-chall-service\nspec:\n  type: LoadBalancer\n  selector:\n    app: tech-chall-app\n  ports:\n    - name: http\n      port: 8080\n      targetPort: 8080\n",
            "yaml_body_parsed": "apiVersion: v1\nkind: Service\nmetadata:\n  name: tech-chall-service\nspec:\n  ports:\n  - name: http\n    port: 8080\n    targetPort: 8080\n  selector:\n    app: tech-chall-app\n  type: LoadBalancer\n",
            "yaml_incluster": "832c6cccfec9cb6998b4757fb5a62a43c17d3bad8fd2dd57a0e401b9d4e37f0e"
          },
          "sensitive_attributes": [
            [
              {
                "type": "get_attr",
                "value": "live_manifest_incluster"
              }
            ],
            [
              {
                "type": "get_attr",
                "value": "yaml_body"
              }
            ],
            [
              {
                "type": "get_attr",
                "value": "yaml_incluster"
              }
            ]
          ],
          "identity_schema_version": 0,
          "private": "eyJlMmJmYjczMC1lY2FhLTExZTYtOGY4OC0zNDM2M2JjN2M0YzAiOnsiY3JlYXRlIjo2MDAwMDAwMDAwMDB9LCJzY2hlbWFfdmVyc2lvbiI6IjEifQ==",
          "dependencies": [
            "aws_eks_cluster.cluster",
            "aws_eks_node_group.node_group",
            "data.aws_eks_cluster.cluster",
            "data.aws_eks_cluster_auth.auth"
          ]
        }
      ]
    }
  ],
  "check_results": null
}
