{
  "version": 4,
  "terraform_version": "1.12.2",
  "serial": 16,
  "lineage": "5f7d13d4-bb1b-b815-e6a9-f99c012f2f4a",
  "outputs": {},
  "resources": [
    {
      "mode": "managed",
      "type": "aws_eks_cluster",
      "name": "cluster",
      "provider": "provider[\"registry.terraform.io/hashicorp/aws\"]",
      "instances": [
        {
          "schema_version": 1,
          "attributes": {
            "access_config": [
              {
                "authentication_mode": "API",
                "bootstrap_cluster_creator_admin_permissions": false
              }
            ],
            "arn": "arn:aws:eks:us-east-1:955655757785:cluster/eks-tech-challenge-fiap",
            "bootstrap_self_managed_addons": true,
            "certificate_authority": [
              {
                "data": "LS0tLS1CRUdJTiBDRVJUSUZJQ0FURS0tLS0tCk1JSURCVENDQWUyZ0F3SUJBZ0lJYTQyUU9kVG9rbnN3RFFZSktvWklodmNOQVFFTEJRQXdGVEVUTUJFR0ExVUUKQXhNS2EzVmlaWEp1WlhSbGN6QWVGdzB5TlRBNE1qQXlNakl5TVRkYUZ3MHpOVEE0TVRneU1qSTNNVGRhTUJVeApFekFSQmdOVkJBTVRDbXQxWW1WeWJtVjBaWE13Z2dFaU1BMEdDU3FHU0liM0RRRUJBUVVBQTRJQkR3QXdnZ0VLCkFvSUJBUUM5MnpEcWFJTW1zRnZOTGpQdkdVZDJ2ZnVrb0N6ODV6N3lydkxZR1E4OHpmKzBsUWlHWWd2aXl3STQKd0wzUE1hOTdRMmdtVHpoeE04UVpOMUxLb3dyc0JmQ0lDc2RoajNyblRRWVNSeUNXQjFZU3JMd05ieDV3YytZMgpuQTkzczI0dlpocXZ5L0hVdUNMSlM0eFdvWXljV0Fzck15d2ZaM0R1N0trVEoweXQ0cFdqT3Vsc2xZSGJ4a1NjCndtdXMvZXViakpaNzZwZnh5bEhXanh6cWxEVDJjbEZRSXY3VkJEZDJ5aTA0anNRS3pBZVh1a3lqcmsxVjhCcUEKbjJDZnFLQzArZFMwOTNYU2dLOTJrTkdleFdkVGVZZWxhVHhDUXMxZGs0Rmc3YzJLQmxyL0tSV3dzREZYNWc4TgpveTdhL1RubmViQnl0VFFmWTZZSXc5NlpTZ2ZqQWdNQkFBR2pXVEJYTUE0R0ExVWREd0VCL3dRRUF3SUNwREFQCkJnTlZIUk1CQWY4RUJUQURBUUgvTUIwR0ExVWREZ1FXQkJSRktDR3VTUStXRHhmTGlZSTEwQ204WGV6T2Z6QVYKQmdOVkhSRUVEakFNZ2dwcmRXSmxjbTVsZEdWek1BMEdDU3FHU0liM0RRRUJDd1VBQTRJQkFRQ1ZoQjhaaFNmcwpWcnpaVWlFbEJPYm9TNE9LVjhxNGNKUzVtZzFxYnNLblZBSVNFcEpvRkFLM24yVzFmcnlNQ1pqanJwSG9qU3FUCktTOE9PZXNibHhiVVpGTk14UTQxeVNpNkJ0ZnBxT0JDdnRTZk1zRVZmdThDMW1ZbStvNlpkeHVnYTNlMkIrbkQKaURwQ0lWNDlxWFc0d3NBMVl6dzFwUEY2amtncEhEMnpVWHQrL1ZoZkJycWxzTE9pZDdLSlhWNVVMWHRHckU5VApRTXRzdDNsQ2lDN1lVVDlpWjJkZ2JRVzc2YjZ2RFFkK2NZZGtxUlZlVGZRTzdGTnV2WTdxMHVwOGxSaHFxQUFCCk5rRmJ0MXA5MzNKUGczclBpZEUvU3BQOEJ3NUF4Wit5c0l3THNDNHMvUU5aMGNObWsvQ2wwOWNCeHdCeEhqb0QKd2ZCanFjSUF1cDV4Ci0tLS0tRU5EIENFUlRJRklDQVRFLS0tLS0K"
              }
            ],
            "cluster_id": null,
            "compute_config": [],
            "created_at": "2025-08-20T22:22:15Z",
            "enabled_cluster_log_types": null,
            "encryption_config": [],
            "endpoint": "https://759F7E40E3E532E0201B6FEF5667F61E.gr7.us-east-1.eks.amazonaws.com",
            "force_update_version": null,
            "id": "eks-tech-challenge-fiap",
            "identity": [
              {
                "oidc": [
                  {
                    "issuer": "https://oidc.eks.us-east-1.amazonaws.com/id/759F7E40E3E532E0201B6FEF5667F61E"
                  }
                ]
              }
            ],
            "kubernetes_network_config": [
              {
                "elastic_load_balancing": [
                  {
                    "enabled": false
                  }
                ],
                "ip_family": "ipv4",
                "service_ipv4_cidr": "10.100.0.0/16",
                "service_ipv6_cidr": ""
              }
            ],
            "name": "eks-tech-challenge-fiap",
            "outpost_config": [],
            "platform_version": "eks.33",
            "remote_network_config": [],
            "role_arn": "arn:aws:iam::955655757785:role/c173096a4485959l11231379t1w955655-LabEksClusterRole-e1hSKJMsVOzQ",
            "status": "ACTIVE",
            "storage_config": [],
            "tags": null,
            "tags_all": {},
            "timeouts": null,
            "upgrade_policy": [
              {
                "support_type": "EXTENDED"
              }
            ],
            "version": "1.31",
            "vpc_config": [
              {
                "cluster_security_group_id": "sg-092948c509332c9e2",
                "endpoint_private_access": false,
                "endpoint_public_access": true,
                "public_access_cidrs": [
                  "0.0.0.0/0"
                ],
                "security_group_ids": null,
                "subnet_ids": [
                  "subnet-058d56d498f0e4f3a",
                  "subnet-05e57c48e90a658f2",
                  "subnet-0a22fa80ed3fe3a80"
                ],
                "vpc_id": "vpc-02bdb3f6d6209a3cf"
              }
            ],
            "zonal_shift_config": []
          },
          "sensitive_attributes": [],
          "identity_schema_version": 0,
          "private": "eyJlMmJmYjczMC1lY2FhLTExZTYtOGY4OC0zNDM2M2JjN2M0YzAiOnsiY3JlYXRlIjoxODAwMDAwMDAwMDAwLCJkZWxldGUiOjkwMDAwMDAwMDAwMCwidXBkYXRlIjozNjAwMDAwMDAwMDAwfSwic2NoZW1hX3ZlcnNpb24iOiIxIn0="
        }
      ]
    }
  ],
  "check_results": null
}
